// !$*UTF8*$!
{
	archiveVersion = 1;
	classes = {
	};
	objectVersion = 51;
	objects = {

/* Begin PBXBuildFile section */
		5A6A2DB829BAEDE114DDE80E /* Pods_SMART_SB_APP_IOS.framework in Frameworks */ = {isa = PBXBuildFile; fileRef = 114B1F2EE5F890ED314855BC /* Pods_SMART_SB_APP_IOS.framework */; };
		E61EA09D25AABCF100653273 /* AppDelegate.swift in Sources */ = {isa = PBXBuildFile; fileRef = E61EA09C25AABCF100653273 /* AppDelegate.swift */; };
		E61EA09F25AABCF100653273 /* SceneDelegate.swift in Sources */ = {isa = PBXBuildFile; fileRef = E61EA09E25AABCF100653273 /* SceneDelegate.swift */; };
		E61EA0A125AABCF100653273 /* MainVC.swift in Sources */ = {isa = PBXBuildFile; fileRef = E61EA0A025AABCF100653273 /* MainVC.swift */; };
		E61EA0A425AABCF100653273 /* Main.storyboard in Resources */ = {isa = PBXBuildFile; fileRef = E61EA0A225AABCF100653273 /* Main.storyboard */; };
		E61EA0A625AABCF200653273 /* Assets.xcassets in Resources */ = {isa = PBXBuildFile; fileRef = E61EA0A525AABCF200653273 /* Assets.xcassets */; };
		E61EA0A925AABCF200653273 /* LaunchScreen.storyboard in Resources */ = {isa = PBXBuildFile; fileRef = E61EA0A725AABCF200653273 /* LaunchScreen.storyboard */; };
		E61EA0CD25AAC09A00653273 /* SplashVC.swift in Sources */ = {isa = PBXBuildFile; fileRef = E61EA0CC25AAC09A00653273 /* SplashVC.swift */; };
		E61EA0D725AAC12900653273 /* Function.swift in Sources */ = {isa = PBXBuildFile; fileRef = E61EA0D325AAC12800653273 /* Function.swift */; };
		E61EA0D825AAC12900653273 /* Configuration.swift in Sources */ = {isa = PBXBuildFile; fileRef = E61EA0D425AAC12800653273 /* Configuration.swift */; };
		E61EA0D925AAC12900653273 /* String.swift in Sources */ = {isa = PBXBuildFile; fileRef = E61EA0D525AAC12900653273 /* String.swift */; };
		E61EA0E025AAC24600653273 /* Appdata.swift in Sources */ = {isa = PBXBuildFile; fileRef = E61EA0DF25AAC24600653273 /* Appdata.swift */; };
		E61EA0E325AAC24900653273 /* NativeBridge.swift in Sources */ = {isa = PBXBuildFile; fileRef = E61EA0E225AAC24900653273 /* NativeBridge.swift */; };
		E61EA0EB25AAC37800653273 /* Splash.storyboard in Resources */ = {isa = PBXBuildFile; fileRef = E61EA0EA25AAC37800653273 /* Splash.storyboard */; };
		E61EA0FF25AAC99600653273 /* TestVC.swift in Sources */ = {isa = PBXBuildFile; fileRef = E61EA0FE25AAC99600653273 /* TestVC.swift */; };
		E667CADA25C5B1B8008C0EBB /* Access.storyboard in Resources */ = {isa = PBXBuildFile; fileRef = E667CAD925C5B1B8008C0EBB /* Access.storyboard */; };
		E667CADC25C5B1C9008C0EBB /* AccessVC.swift in Sources */ = {isa = PBXBuildFile; fileRef = E667CADB25C5B1C9008C0EBB /* AccessVC.swift */; };
		E667CAE125C5B252008C0EBB /* Pin.storyboard in Resources */ = {isa = PBXBuildFile; fileRef = E667CAE025C5B252008C0EBB /* Pin.storyboard */; };
		E667CAE325C5B25E008C0EBB /* PinVC.swift in Sources */ = {isa = PBXBuildFile; fileRef = E667CAE225C5B25E008C0EBB /* PinVC.swift */; };
		E667CAE725C5B3B9008C0EBB /* CertListVC.swift in Sources */ = {isa = PBXBuildFile; fileRef = E667CAE625C5B3B9008C0EBB /* CertListVC.swift */; };
		E667CAE925C5B3C7008C0EBB /* CertList.storyboard in Resources */ = {isa = PBXBuildFile; fileRef = E667CAE825C5B3C7008C0EBB /* CertList.storyboard */; };
		E68D133525C5361E002CC473 /* SceneCoordinator.swift in Sources */ = {isa = PBXBuildFile; fileRef = E68D133425C5361E002CC473 /* SceneCoordinator.swift */; };
		E68D133725C5382D002CC473 /* Log.swift in Sources */ = {isa = PBXBuildFile; fileRef = E68D133625C5382D002CC473 /* Log.swift */; };
		E6AF5AA625ABDD590073D3F2 /* Safetoken.framework in Frameworks */ = {isa = PBXBuildFile; fileRef = E61EA12F25AB117200653273 /* Safetoken.framework */; };
		E6AF5AA725ABDD590073D3F2 /* Safetoken.framework in Embed Frameworks */ = {isa = PBXBuildFile; fileRef = E61EA12F25AB117200653273 /* Safetoken.framework */; settings = {ATTRIBUTES = (CodeSignOnCopy, RemoveHeadersOnCopy, ); }; };
		E6AF5AA925ABDD5C0073D3F2 /* SafetokenBiometric.framework in Frameworks */ = {isa = PBXBuildFile; fileRef = E61EA12D25AB117100653273 /* SafetokenBiometric.framework */; };
		E6AF5AAA25ABDD5C0073D3F2 /* SafetokenBiometric.framework in Embed Frameworks */ = {isa = PBXBuildFile; fileRef = E61EA12D25AB117100653273 /* SafetokenBiometric.framework */; settings = {ATTRIBUTES = (CodeSignOnCopy, RemoveHeadersOnCopy, ); }; };
		E6AF5AAB25ABDD5E0073D3F2 /* SafetokenPattern.framework in Frameworks */ = {isa = PBXBuildFile; fileRef = E61EA12E25AB117100653273 /* SafetokenPattern.framework */; };
		E6AF5AAC25ABDD5E0073D3F2 /* SafetokenPattern.framework in Embed Frameworks */ = {isa = PBXBuildFile; fileRef = E61EA12E25AB117100653273 /* SafetokenPattern.framework */; settings = {ATTRIBUTES = (CodeSignOnCopy, RemoveHeadersOnCopy, ); }; };
		E6AF5AAD25ABDD680073D3F2 /* PACECaptureNRecog.framework in Frameworks */ = {isa = PBXBuildFile; fileRef = E61EA11C25AB0FD700653273 /* PACECaptureNRecog.framework */; };
		E6AF5AAE25ABDD680073D3F2 /* PACECaptureNRecog.framework in Embed Frameworks */ = {isa = PBXBuildFile; fileRef = E61EA11C25AB0FD700653273 /* PACECaptureNRecog.framework */; settings = {ATTRIBUTES = (CodeSignOnCopy, RemoveHeadersOnCopy, ); }; };
		E6AF5AB825ABE1DA0073D3F2 /* idcard_kor_one.wgt in Resources */ = {isa = PBXBuildFile; fileRef = E6AF5AB525ABE1DA0073D3F2 /* idcard_kor_one.wgt */; };
		E6AF5AB925ABE1DA0073D3F2 /* asc.wgt in Resources */ = {isa = PBXBuildFile; fileRef = E6AF5AB625ABE1DA0073D3F2 /* asc.wgt */; };
		E6AF5ABA25ABE1DA0073D3F2 /* hang.rec in Resources */ = {isa = PBXBuildFile; fileRef = E6AF5AB725ABE1DA0073D3F2 /* hang.rec */; };
		E6AF5AC025ABE2EB0073D3F2 /* AVFoundation.framework in Frameworks */ = {isa = PBXBuildFile; fileRef = E6AF5ABF25ABE2EB0073D3F2 /* AVFoundation.framework */; };
		E6AF5B2D25AC09D70073D3F2 /* Test.storyboard in Resources */ = {isa = PBXBuildFile; fileRef = E6AF5B2C25AC09D70073D3F2 /* Test.storyboard */; };
		E6AF5B5C25AC11AE0073D3F2 /* StoryboardHelper.swift in Sources */ = {isa = PBXBuildFile; fileRef = E6AF5B5B25AC11AE0073D3F2 /* StoryboardHelper.swift */; };
		E6AF5B5E25AC12970073D3F2 /* UIApplication.swift in Sources */ = {isa = PBXBuildFile; fileRef = E6AF5B5D25AC12970073D3F2 /* UIApplication.swift */; };
		E6DAA4F525B8140900564DB4 /* libSecuLogMaster.a in Frameworks */ = {isa = PBXBuildFile; fileRef = E6DAA4F425B8140800564DB4 /* libSecuLogMaster.a */; };
		E6DAA4F925B8150E00564DB4 /* Util.m in Sources */ = {isa = PBXBuildFile; fileRef = E6DAA4F725B8150900564DB4 /* Util.m */; };
		E6DAA4FA25B8150E00564DB4 /* KeychainItemWrapper.m in Sources */ = {isa = PBXBuildFile; fileRef = E6DAA4F825B8150E00564DB4 /* KeychainItemWrapper.m */; };
/* End PBXBuildFile section */

/* Begin PBXCopyFilesBuildPhase section */
		E6AF5AA825ABDD590073D3F2 /* Embed Frameworks */ = {
			isa = PBXCopyFilesBuildPhase;
			buildActionMask = 2147483647;
			dstPath = "";
			dstSubfolderSpec = 10;
			files = (
				E6AF5AAA25ABDD5C0073D3F2 /* SafetokenBiometric.framework in Embed Frameworks */,
				E6AF5AA725ABDD590073D3F2 /* Safetoken.framework in Embed Frameworks */,
				E6AF5AAE25ABDD680073D3F2 /* PACECaptureNRecog.framework in Embed Frameworks */,
				E6AF5AAC25ABDD5E0073D3F2 /* SafetokenPattern.framework in Embed Frameworks */,
			);
			name = "Embed Frameworks";
			runOnlyForDeploymentPostprocessing = 0;
		};
/* End PBXCopyFilesBuildPhase section */

/* Begin PBXFileReference section */
		114B1F2EE5F890ED314855BC /* Pods_SMART_SB_APP_IOS.framework */ = {isa = PBXFileReference; explicitFileType = wrapper.framework; includeInIndex = 0; path = Pods_SMART_SB_APP_IOS.framework; sourceTree = BUILT_PRODUCTS_DIR; };
		3BA0C1B0A6F399BF3468D58D /* Pods-SMART_SB_APP_IOS.release.xcconfig */ = {isa = PBXFileReference; includeInIndex = 1; lastKnownFileType = text.xcconfig; name = "Pods-SMART_SB_APP_IOS.release.xcconfig"; path = "Target Support Files/Pods-SMART_SB_APP_IOS/Pods-SMART_SB_APP_IOS.release.xcconfig"; sourceTree = "<group>"; };
		E61EA09925AABCF100653273 /* SMART_SB_APP_IOS.app */ = {isa = PBXFileReference; explicitFileType = wrapper.application; includeInIndex = 0; path = SMART_SB_APP_IOS.app; sourceTree = BUILT_PRODUCTS_DIR; };
		E61EA09C25AABCF100653273 /* AppDelegate.swift */ = {isa = PBXFileReference; lastKnownFileType = sourcecode.swift; path = AppDelegate.swift; sourceTree = "<group>"; };
		E61EA09E25AABCF100653273 /* SceneDelegate.swift */ = {isa = PBXFileReference; lastKnownFileType = sourcecode.swift; path = SceneDelegate.swift; sourceTree = "<group>"; };
		E61EA0A025AABCF100653273 /* MainVC.swift */ = {isa = PBXFileReference; lastKnownFileType = sourcecode.swift; path = MainVC.swift; sourceTree = "<group>"; };
		E61EA0A325AABCF100653273 /* Base */ = {isa = PBXFileReference; lastKnownFileType = file.storyboard; name = Base; path = Base.lproj/Main.storyboard; sourceTree = "<group>"; };
		E61EA0A525AABCF200653273 /* Assets.xcassets */ = {isa = PBXFileReference; lastKnownFileType = folder.assetcatalog; path = Assets.xcassets; sourceTree = "<group>"; };
		E61EA0A825AABCF200653273 /* Base */ = {isa = PBXFileReference; lastKnownFileType = file.storyboard; name = Base; path = Base.lproj/LaunchScreen.storyboard; sourceTree = "<group>"; };
		E61EA0AA25AABCF200653273 /* Info.plist */ = {isa = PBXFileReference; lastKnownFileType = text.plist.xml; path = Info.plist; sourceTree = "<group>"; };
		E61EA0CC25AAC09A00653273 /* SplashVC.swift */ = {isa = PBXFileReference; lastKnownFileType = sourcecode.swift; path = SplashVC.swift; sourceTree = "<group>"; };
		E61EA0D325AAC12800653273 /* Function.swift */ = {isa = PBXFileReference; fileEncoding = 4; lastKnownFileType = sourcecode.swift; path = Function.swift; sourceTree = "<group>"; };
		E61EA0D425AAC12800653273 /* Configuration.swift */ = {isa = PBXFileReference; fileEncoding = 4; lastKnownFileType = sourcecode.swift; path = Configuration.swift; sourceTree = "<group>"; };
		E61EA0D525AAC12900653273 /* String.swift */ = {isa = PBXFileReference; fileEncoding = 4; lastKnownFileType = sourcecode.swift; path = String.swift; sourceTree = "<group>"; };
		E61EA0DF25AAC24600653273 /* Appdata.swift */ = {isa = PBXFileReference; fileEncoding = 4; lastKnownFileType = sourcecode.swift; path = Appdata.swift; sourceTree = "<group>"; };
		E61EA0E225AAC24900653273 /* NativeBridge.swift */ = {isa = PBXFileReference; lastKnownFileType = sourcecode.swift; path = NativeBridge.swift; sourceTree = "<group>"; };
		E61EA0EA25AAC37800653273 /* Splash.storyboard */ = {isa = PBXFileReference; fileEncoding = 4; lastKnownFileType = file.storyboard; path = Splash.storyboard; sourceTree = "<group>"; };
		E61EA0FE25AAC99600653273 /* TestVC.swift */ = {isa = PBXFileReference; lastKnownFileType = sourcecode.swift; path = TestVC.swift; sourceTree = "<group>"; };
		E61EA10225AB0EB300653273 /* ESDefaultNumericKeypadMagAppearanceManager.h */ = {isa = PBXFileReference; fileEncoding = 4; lastKnownFileType = sourcecode.c.h; path = ESDefaultNumericKeypadMagAppearanceManager.h; sourceTree = "<group>"; };
		E61EA10325AB0EB400653273 /* ESKeypadAppearenceManager.h */ = {isa = PBXFileReference; fileEncoding = 4; lastKnownFileType = sourcecode.c.h; path = ESKeypadAppearenceManager.h; sourceTree = "<group>"; };
		E61EA10425AB0EB400653273 /* ESDefaultQwertyKeypadLayoutManager.h */ = {isa = PBXFileReference; fileEncoding = 4; lastKnownFileType = sourcecode.c.h; path = ESDefaultQwertyKeypadLayoutManager.h; sourceTree = "<group>"; };
		E61EA10525AB0EB400653273 /* ESDefaultNumericKeypadAppearenceManager.h */ = {isa = PBXFileReference; fileEncoding = 4; lastKnownFileType = sourcecode.c.h; path = ESDefaultNumericKeypadAppearenceManager.h; sourceTree = "<group>"; };
		E61EA10625AB0EB400653273 /* ESKeypadDecoder.h */ = {isa = PBXFileReference; fileEncoding = 4; lastKnownFileType = sourcecode.c.h; path = ESKeypadDecoder.h; sourceTree = "<group>"; };
		E61EA10725AB0EB400653273 /* ESKeypadHalfViewController.h */ = {isa = PBXFileReference; fileEncoding = 4; lastKnownFileType = sourcecode.c.h; path = ESKeypadHalfViewController.h; sourceTree = "<group>"; };
		E61EA10825AB0EB500653273 /* ESKeypadImageInfoKeys.h */ = {isa = PBXFileReference; fileEncoding = 4; lastKnownFileType = sourcecode.c.h; path = ESKeypadImageInfoKeys.h; sourceTree = "<group>"; };
		E61EA10925AB0EB500653273 /* ESKeypadSpec.h */ = {isa = PBXFileReference; fileEncoding = 4; lastKnownFileType = sourcecode.c.h; path = ESKeypadSpec.h; sourceTree = "<group>"; };
		E61EA10A25AB0EB500653273 /* ESKeypadBtnViewController.h */ = {isa = PBXFileReference; fileEncoding = 4; lastKnownFileType = sourcecode.c.h; path = ESKeypadBtnViewController.h; sourceTree = "<group>"; };
		E61EA10B25AB0EB500653273 /* ESSecureTextField.h */ = {isa = PBXFileReference; fileEncoding = 4; lastKnownFileType = sourcecode.c.h; path = ESSecureTextField.h; sourceTree = "<group>"; };
		E61EA10C25AB0EB500653273 /* ESDefaultKeypadBtnAppearanceManager.h */ = {isa = PBXFileReference; fileEncoding = 4; lastKnownFileType = sourcecode.c.h; path = ESDefaultKeypadBtnAppearanceManager.h; sourceTree = "<group>"; };
		E61EA10D25AB0EB600653273 /* libEversafeKeypad_Universal.a */ = {isa = PBXFileReference; lastKnownFileType = archive.ar; path = libEversafeKeypad_Universal.a; sourceTree = "<group>"; };
		E61EA10E25AB0EB600653273 /* ESDefaultQwertyKeypadMagAppearanceManager.h */ = {isa = PBXFileReference; fileEncoding = 4; lastKnownFileType = sourcecode.c.h; path = ESDefaultQwertyKeypadMagAppearanceManager.h; sourceTree = "<group>"; };
		E61EA10F25AB0EB600653273 /* ESKeypadView.h */ = {isa = PBXFileReference; fileEncoding = 4; lastKnownFileType = sourcecode.c.h; path = ESKeypadView.h; sourceTree = "<group>"; };
		E61EA11025AB0EB600653273 /* ESDefaultQwertyKeypadAppearenceManager.h */ = {isa = PBXFileReference; fileEncoding = 4; lastKnownFileType = sourcecode.c.h; path = ESDefaultQwertyKeypadAppearenceManager.h; sourceTree = "<group>"; };
		E61EA11125AB0EB700653273 /* ESSpecialKey.h */ = {isa = PBXFileReference; fileEncoding = 4; lastKnownFileType = sourcecode.c.h; path = ESSpecialKey.h; sourceTree = "<group>"; };
		E61EA11225AB0EB700653273 /* ESKeypadViewController.h */ = {isa = PBXFileReference; fileEncoding = 4; lastKnownFileType = sourcecode.c.h; path = ESKeypadViewController.h; sourceTree = "<group>"; };
		E61EA11325AB0EB700653273 /* ESKeypadLayoutManager.h */ = {isa = PBXFileReference; fileEncoding = 4; lastKnownFileType = sourcecode.c.h; path = ESKeypadLayoutManager.h; sourceTree = "<group>"; };
		E61EA11425AB0EB700653273 /* ESKeypadBtnAppearanceManager.h */ = {isa = PBXFileReference; fileEncoding = 4; lastKnownFileType = sourcecode.c.h; path = ESKeypadBtnAppearanceManager.h; sourceTree = "<group>"; };
		E61EA11525AB0EB700653273 /* ESGraphicTools.h */ = {isa = PBXFileReference; fileEncoding = 4; lastKnownFileType = sourcecode.c.h; path = ESGraphicTools.h; sourceTree = "<group>"; };
		E61EA11625AB0EB800653273 /* ESDefaultNumericKeypadLayoutManager.h */ = {isa = PBXFileReference; fileEncoding = 4; lastKnownFileType = sourcecode.c.h; path = ESDefaultNumericKeypadLayoutManager.h; sourceTree = "<group>"; };
		E61EA11725AB0EB800653273 /* ESKeyMagViewAlign.h */ = {isa = PBXFileReference; fileEncoding = 4; lastKnownFileType = sourcecode.c.h; path = ESKeyMagViewAlign.h; sourceTree = "<group>"; };
		E61EA11825AB0EB800653273 /* ESKeypadMagAppearanceManager.h */ = {isa = PBXFileReference; fileEncoding = 4; lastKnownFileType = sourcecode.c.h; path = ESKeypadMagAppearanceManager.h; sourceTree = "<group>"; };
		E61EA11C25AB0FD700653273 /* PACECaptureNRecog.framework */ = {isa = PBXFileReference; lastKnownFileType = wrapper.framework; path = PACECaptureNRecog.framework; sourceTree = "<group>"; };
		E61EA12425AB110100653273 /* libSecureData.a */ = {isa = PBXFileReference; lastKnownFileType = archive.ar; path = libSecureData.a; sourceTree = "<group>"; };
		E61EA12825AB111200653273 /* SecureData.h */ = {isa = PBXFileReference; lastKnownFileType = sourcecode.c.h; path = SecureData.h; sourceTree = "<group>"; };
		E61EA12925AB111200653273 /* ProtectedData.h */ = {isa = PBXFileReference; lastKnownFileType = sourcecode.c.h; path = ProtectedData.h; sourceTree = "<group>"; };
		E61EA12A25AB111200653273 /* Util.h */ = {isa = PBXFileReference; lastKnownFileType = sourcecode.c.h; path = Util.h; sourceTree = "<group>"; };
		E61EA12B25AB111200653273 /* NSHCData.h */ = {isa = PBXFileReference; lastKnownFileType = sourcecode.c.h; path = NSHCData.h; sourceTree = "<group>"; };
		E61EA12D25AB117100653273 /* SafetokenBiometric.framework */ = {isa = PBXFileReference; lastKnownFileType = wrapper.framework; path = SafetokenBiometric.framework; sourceTree = "<group>"; };
		E61EA12E25AB117100653273 /* SafetokenPattern.framework */ = {isa = PBXFileReference; lastKnownFileType = wrapper.framework; path = SafetokenPattern.framework; sourceTree = "<group>"; };
		E61EA12F25AB117200653273 /* Safetoken.framework */ = {isa = PBXFileReference; lastKnownFileType = wrapper.framework; path = Safetoken.framework; sourceTree = "<group>"; };
		E667CAD925C5B1B8008C0EBB /* Access.storyboard */ = {isa = PBXFileReference; lastKnownFileType = file.storyboard; path = Access.storyboard; sourceTree = "<group>"; };
		E667CADB25C5B1C9008C0EBB /* AccessVC.swift */ = {isa = PBXFileReference; lastKnownFileType = sourcecode.swift; path = AccessVC.swift; sourceTree = "<group>"; };
		E667CAE025C5B252008C0EBB /* Pin.storyboard */ = {isa = PBXFileReference; lastKnownFileType = file.storyboard; path = Pin.storyboard; sourceTree = "<group>"; };
		E667CAE225C5B25E008C0EBB /* PinVC.swift */ = {isa = PBXFileReference; lastKnownFileType = sourcecode.swift; path = PinVC.swift; sourceTree = "<group>"; };
		E667CAE625C5B3B9008C0EBB /* CertListVC.swift */ = {isa = PBXFileReference; lastKnownFileType = sourcecode.swift; path = CertListVC.swift; sourceTree = "<group>"; };
		E667CAE825C5B3C7008C0EBB /* CertList.storyboard */ = {isa = PBXFileReference; lastKnownFileType = file.storyboard; path = CertList.storyboard; sourceTree = "<group>"; };
		E68D133425C5361E002CC473 /* SceneCoordinator.swift */ = {isa = PBXFileReference; lastKnownFileType = sourcecode.swift; path = SceneCoordinator.swift; sourceTree = "<group>"; };
		E68D133625C5382D002CC473 /* Log.swift */ = {isa = PBXFileReference; lastKnownFileType = sourcecode.swift; path = Log.swift; sourceTree = "<group>"; };
		E6AF5AB025ABE03F0073D3F2 /* CoreVideo.framework */ = {isa = PBXFileReference; lastKnownFileType = wrapper.framework; name = CoreVideo.framework; path = System/Library/Frameworks/CoreVideo.framework; sourceTree = SDKROOT; };
		E6AF5AB525ABE1DA0073D3F2 /* idcard_kor_one.wgt */ = {isa = PBXFileReference; lastKnownFileType = file; name = idcard_kor_one.wgt; path = SMART_SB_APP_IOS/Lib/face_ocr/dat2/idcard_kor_one.wgt; sourceTree = SOURCE_ROOT; };
		E6AF5AB625ABE1DA0073D3F2 /* asc.wgt */ = {isa = PBXFileReference; lastKnownFileType = file; name = asc.wgt; path = SMART_SB_APP_IOS/Lib/face_ocr/dat2/asc.wgt; sourceTree = SOURCE_ROOT; };
		E6AF5AB725ABE1DA0073D3F2 /* hang.rec */ = {isa = PBXFileReference; lastKnownFileType = file; name = hang.rec; path = SMART_SB_APP_IOS/Lib/face_ocr/dat2/hang.rec; sourceTree = SOURCE_ROOT; };
		E6AF5ABB25ABE2E00073D3F2 /* UIKit.framework */ = {isa = PBXFileReference; lastKnownFileType = wrapper.framework; name = UIKit.framework; path = System/Library/Frameworks/UIKit.framework; sourceTree = SDKROOT; };
		E6AF5ABF25ABE2EB0073D3F2 /* AVFoundation.framework */ = {isa = PBXFileReference; lastKnownFileType = wrapper.framework; name = AVFoundation.framework; path = System/Library/Frameworks/AVFoundation.framework; sourceTree = SDKROOT; };
		E6AF5B2C25AC09D70073D3F2 /* Test.storyboard */ = {isa = PBXFileReference; lastKnownFileType = file.storyboard; path = Test.storyboard; sourceTree = "<group>"; };
		E6AF5B5B25AC11AE0073D3F2 /* StoryboardHelper.swift */ = {isa = PBXFileReference; lastKnownFileType = sourcecode.swift; path = StoryboardHelper.swift; sourceTree = "<group>"; };
		E6AF5B5D25AC12970073D3F2 /* UIApplication.swift */ = {isa = PBXFileReference; lastKnownFileType = sourcecode.swift; path = UIApplication.swift; sourceTree = "<group>"; };
		E6DAA4F425B8140800564DB4 /* libSecuLogMaster.a */ = {isa = PBXFileReference; lastKnownFileType = archive.ar; path = libSecuLogMaster.a; sourceTree = "<group>"; };
		E6DAA4F625B814F900564DB4 /* SMART_SB_Bridging-Header.h */ = {isa = PBXFileReference; lastKnownFileType = sourcecode.c.h; path = "SMART_SB_Bridging-Header.h"; sourceTree = "<group>"; };
		E6DAA4F725B8150900564DB4 /* Util.m */ = {isa = PBXFileReference; fileEncoding = 4; lastKnownFileType = sourcecode.c.objc; path = Util.m; sourceTree = "<group>"; };
		E6DAA4F825B8150E00564DB4 /* KeychainItemWrapper.m */ = {isa = PBXFileReference; fileEncoding = 4; lastKnownFileType = sourcecode.c.objc; path = KeychainItemWrapper.m; sourceTree = "<group>"; };
		E6DAA4FC25B8158300564DB4 /* KeychainItemWrapper.h */ = {isa = PBXFileReference; lastKnownFileType = sourcecode.c.h; path = KeychainItemWrapper.h; sourceTree = "<group>"; };
		E6DAA4FD25B8158400564DB4 /* ixcSecureManager.h */ = {isa = PBXFileReference; lastKnownFileType = sourcecode.c.h; path = ixcSecureManager.h; sourceTree = "<group>"; };
		E6DAA4FE25B8158500564DB4 /* ixcSecuLogMaster.h */ = {isa = PBXFileReference; lastKnownFileType = sourcecode.c.h; path = ixcSecuLogMaster.h; sourceTree = "<group>"; };
		E6DAA4FF25B8158600564DB4 /* Util.h */ = {isa = PBXFileReference; lastKnownFileType = sourcecode.c.h; path = Util.h; sourceTree = "<group>"; };
		ED3B7CEE11F787953063908C /* Pods-SMART_SB_APP_IOS.debug.xcconfig */ = {isa = PBXFileReference; includeInIndex = 1; lastKnownFileType = text.xcconfig; name = "Pods-SMART_SB_APP_IOS.debug.xcconfig"; path = "Target Support Files/Pods-SMART_SB_APP_IOS/Pods-SMART_SB_APP_IOS.debug.xcconfig"; sourceTree = "<group>"; };
/* End PBXFileReference section */

/* Begin PBXFrameworksBuildPhase section */
		E61EA09625AABCF100653273 /* Frameworks */ = {
			isa = PBXFrameworksBuildPhase;
			buildActionMask = 2147483647;
			files = (
				E6AF5AC025ABE2EB0073D3F2 /* AVFoundation.framework in Frameworks */,
				E6AF5AAB25ABDD5E0073D3F2 /* SafetokenPattern.framework in Frameworks */,
				E6AF5AA925ABDD5C0073D3F2 /* SafetokenBiometric.framework in Frameworks */,
				E6DAA4F525B8140900564DB4 /* libSecuLogMaster.a in Frameworks */,
				E6AF5AA625ABDD590073D3F2 /* Safetoken.framework in Frameworks */,
				5A6A2DB829BAEDE114DDE80E /* Pods_SMART_SB_APP_IOS.framework in Frameworks */,
				E6AF5AAD25ABDD680073D3F2 /* PACECaptureNRecog.framework in Frameworks */,
			);
			runOnlyForDeploymentPostprocessing = 0;
		};
/* End PBXFrameworksBuildPhase section */

/* Begin PBXGroup section */
		839E806ED29EDF2FA672BF62 /* Pods */ = {
			isa = PBXGroup;
			children = (
				ED3B7CEE11F787953063908C /* Pods-SMART_SB_APP_IOS.debug.xcconfig */,
				3BA0C1B0A6F399BF3468D58D /* Pods-SMART_SB_APP_IOS.release.xcconfig */,
			);
			path = Pods;
			sourceTree = "<group>";
		};
		E61EA09025AABCF000653273 = {
			isa = PBXGroup;
			children = (
				E6DAA4F625B814F900564DB4 /* SMART_SB_Bridging-Header.h */,
				E61EA09B25AABCF100653273 /* SMART_SB_APP_IOS */,
				E61EA09A25AABCF100653273 /* Products */,
				F2E6DD7DE1BD394F2BA79383 /* Frameworks */,
				839E806ED29EDF2FA672BF62 /* Pods */,
			);
			sourceTree = "<group>";
		};
		E61EA09A25AABCF100653273 /* Products */ = {
			isa = PBXGroup;
			children = (
				E61EA09925AABCF100653273 /* SMART_SB_APP_IOS.app */,
			);
			name = Products;
			sourceTree = "<group>";
		};
		E61EA09B25AABCF100653273 /* SMART_SB_APP_IOS */ = {
			isa = PBXGroup;
			children = (
				E61EA0EE25AAC4B500653273 /* ETC */,
				E61EA0E625AAC27A00653273 /* Service */,
				E61EA0CA25AAC01100653273 /* View */,
				E61EA0C825AABFE500653273 /* Lib */,
				E61EA0C725AABFE000653273 /* Define */,
				E61EA09C25AABCF100653273 /* AppDelegate.swift */,
				E61EA09E25AABCF100653273 /* SceneDelegate.swift */,
				E61EA0A725AABCF200653273 /* LaunchScreen.storyboard */,
				E61EA0A525AABCF200653273 /* Assets.xcassets */,
				E61EA0AA25AABCF200653273 /* Info.plist */,
			);
			path = SMART_SB_APP_IOS;
			sourceTree = "<group>";
		};
		E61EA0C725AABFE000653273 /* Define */ = {
			isa = PBXGroup;
			children = (
				E61EA0D425AAC12800653273 /* Configuration.swift */,
				E61EA0D325AAC12800653273 /* Function.swift */,
				E61EA0D525AAC12900653273 /* String.swift */,
				E6AF5B5B25AC11AE0073D3F2 /* StoryboardHelper.swift */,
				E6AF5B5D25AC12970073D3F2 /* UIApplication.swift */,
			);
			path = Define;
			sourceTree = "<group>";
		};
		E61EA0C825AABFE500653273 /* Lib */ = {
			isa = PBXGroup;
			children = (
				E6DAA4F125B813DF00564DB4 /* fds */,
				E61EA12C25AB113300653273 /* eightbyte */,
				E61EA12225AB100900653273 /* cert */,
				E61EA11B25AB0FC500653273 /* face_ocr */,
				E61EA10125AB0E9400653273 /* eversafe_keypad */,
			);
			path = Lib;
			sourceTree = "<group>";
		};
		E61EA0CA25AAC01100653273 /* View */ = {
			isa = PBXGroup;
			children = (
				E667CAE425C5B384008C0EBB /* Certificate */,
				E667CADF25C5B242008C0EBB /* Bio */,
				E667CADE25C5B23A008C0EBB /* Patturn */,
				E667CADD25C5B235008C0EBB /* Pin */,
				E667CAD825C5B19F008C0EBB /* Access */,
				E61EA0FA25AAC97900653273 /* Test */,
				E61EA0E925AAC32800653273 /* Splash */,
				E61EA0E825AAC32200653273 /* Main */,
			);
			path = View;
			sourceTree = "<group>";
		};
		E61EA0E625AAC27A00653273 /* Service */ = {
			isa = PBXGroup;
			children = (
				E61EA0DF25AAC24600653273 /* Appdata.swift */,
				E61EA0E225AAC24900653273 /* NativeBridge.swift */,
			);
			path = Service;
			sourceTree = "<group>";
		};
		E61EA0E825AAC32200653273 /* Main */ = {
			isa = PBXGroup;
			children = (
				E61EA0A225AABCF100653273 /* Main.storyboard */,
				E61EA0A025AABCF100653273 /* MainVC.swift */,
			);
			path = Main;
			sourceTree = "<group>";
		};
		E61EA0E925AAC32800653273 /* Splash */ = {
			isa = PBXGroup;
			children = (
				E61EA0EA25AAC37800653273 /* Splash.storyboard */,
				E61EA0CC25AAC09A00653273 /* SplashVC.swift */,
			);
			path = Splash;
			sourceTree = "<group>";
		};
		E61EA0EE25AAC4B500653273 /* ETC */ = {
			isa = PBXGroup;
			children = (
				E68D133425C5361E002CC473 /* SceneCoordinator.swift */,
				E68D133625C5382D002CC473 /* Log.swift */,
			);
			path = ETC;
			sourceTree = "<group>";
		};
		E61EA0FA25AAC97900653273 /* Test */ = {
			isa = PBXGroup;
			children = (
				E61EA0FE25AAC99600653273 /* TestVC.swift */,
				E6AF5B2C25AC09D70073D3F2 /* Test.storyboard */,
			);
			path = Test;
			sourceTree = "<group>";
		};
		E61EA10125AB0E9400653273 /* eversafe_keypad */ = {
			isa = PBXGroup;
			children = (
				E61EA10C25AB0EB500653273 /* ESDefaultKeypadBtnAppearanceManager.h */,
				E61EA10525AB0EB400653273 /* ESDefaultNumericKeypadAppearenceManager.h */,
				E61EA11625AB0EB800653273 /* ESDefaultNumericKeypadLayoutManager.h */,
				E61EA10225AB0EB300653273 /* ESDefaultNumericKeypadMagAppearanceManager.h */,
				E61EA11025AB0EB600653273 /* ESDefaultQwertyKeypadAppearenceManager.h */,
				E61EA10425AB0EB400653273 /* ESDefaultQwertyKeypadLayoutManager.h */,
				E61EA10E25AB0EB600653273 /* ESDefaultQwertyKeypadMagAppearanceManager.h */,
				E61EA11525AB0EB700653273 /* ESGraphicTools.h */,
				E61EA11725AB0EB800653273 /* ESKeyMagViewAlign.h */,
				E61EA10325AB0EB400653273 /* ESKeypadAppearenceManager.h */,
				E61EA11425AB0EB700653273 /* ESKeypadBtnAppearanceManager.h */,
				E61EA10A25AB0EB500653273 /* ESKeypadBtnViewController.h */,
				E61EA10625AB0EB400653273 /* ESKeypadDecoder.h */,
				E61EA10725AB0EB400653273 /* ESKeypadHalfViewController.h */,
				E61EA10825AB0EB500653273 /* ESKeypadImageInfoKeys.h */,
				E61EA11325AB0EB700653273 /* ESKeypadLayoutManager.h */,
				E61EA11825AB0EB800653273 /* ESKeypadMagAppearanceManager.h */,
				E61EA10925AB0EB500653273 /* ESKeypadSpec.h */,
				E61EA10F25AB0EB600653273 /* ESKeypadView.h */,
				E61EA11225AB0EB700653273 /* ESKeypadViewController.h */,
				E61EA10B25AB0EB500653273 /* ESSecureTextField.h */,
				E61EA11125AB0EB700653273 /* ESSpecialKey.h */,
				E61EA10D25AB0EB600653273 /* libEversafeKeypad_Universal.a */,
			);
			path = eversafe_keypad;
			sourceTree = "<group>";
		};
		E61EA11B25AB0FC500653273 /* face_ocr */ = {
			isa = PBXGroup;
			children = (
				E6AF5AB425ABE1D40073D3F2 /* dat */,
				E61EA11C25AB0FD700653273 /* PACECaptureNRecog.framework */,
			);
			path = face_ocr;
			sourceTree = "<group>";
		};
		E61EA12225AB100900653273 /* cert */ = {
			isa = PBXGroup;
			children = (
				E61EA12725AB110500653273 /* include */,
				E61EA12325AB10F800653273 /* lib */,
			);
			path = cert;
			sourceTree = "<group>";
		};
		E61EA12325AB10F800653273 /* lib */ = {
			isa = PBXGroup;
			children = (
				E61EA12425AB110100653273 /* libSecureData.a */,
			);
			path = lib;
			sourceTree = "<group>";
		};
		E61EA12725AB110500653273 /* include */ = {
			isa = PBXGroup;
			children = (
				E61EA12B25AB111200653273 /* NSHCData.h */,
				E61EA12925AB111200653273 /* ProtectedData.h */,
				E61EA12825AB111200653273 /* SecureData.h */,
				E61EA12A25AB111200653273 /* Util.h */,
			);
			path = include;
			sourceTree = "<group>";
		};
		E61EA12C25AB113300653273 /* eightbyte */ = {
			isa = PBXGroup;
			children = (
				E61EA12F25AB117200653273 /* Safetoken.framework */,
				E61EA12D25AB117100653273 /* SafetokenBiometric.framework */,
				E61EA12E25AB117100653273 /* SafetokenPattern.framework */,
			);
			path = eightbyte;
			sourceTree = "<group>";
		};
		E667CAD825C5B19F008C0EBB /* Access */ = {
			isa = PBXGroup;
			children = (
				E667CAD925C5B1B8008C0EBB /* Access.storyboard */,
				E667CADB25C5B1C9008C0EBB /* AccessVC.swift */,
			);
			path = Access;
			sourceTree = "<group>";
		};
		E667CADD25C5B235008C0EBB /* Pin */ = {
			isa = PBXGroup;
			children = (
				E667CAE025C5B252008C0EBB /* Pin.storyboard */,
				E667CAE225C5B25E008C0EBB /* PinVC.swift */,
			);
			path = Pin;
			sourceTree = "<group>";
		};
		E667CADE25C5B23A008C0EBB /* Patturn */ = {
			isa = PBXGroup;
			children = (
			);
			path = Patturn;
			sourceTree = "<group>";
		};
		E667CADF25C5B242008C0EBB /* Bio */ = {
			isa = PBXGroup;
			children = (
			);
			path = Bio;
			sourceTree = "<group>";
		};
		E667CAE425C5B384008C0EBB /* Certificate */ = {
			isa = PBXGroup;
			children = (
				E667CAE525C5B398008C0EBB /* List */,
			);
			path = Certificate;
			sourceTree = "<group>";
		};
		E667CAE525C5B398008C0EBB /* List */ = {
			isa = PBXGroup;
			children = (
				E667CAE625C5B3B9008C0EBB /* CertListVC.swift */,
				E667CAE825C5B3C7008C0EBB /* CertList.storyboard */,
			);
			path = List;
			sourceTree = "<group>";
		};
		E6AF5AB425ABE1D40073D3F2 /* dat */ = {
			isa = PBXGroup;
			children = (
				E6AF5AB625ABE1DA0073D3F2 /* asc.wgt */,
				E6AF5AB725ABE1DA0073D3F2 /* hang.rec */,
				E6AF5AB525ABE1DA0073D3F2 /* idcard_kor_one.wgt */,
			);
			path = dat;
			sourceTree = "<group>";
		};
		E6DAA4F125B813DF00564DB4 /* fds */ = {
			isa = PBXGroup;
			children = (
				E6DAA4FB25B8157A00564DB4 /* h */,
				E6DAA4F825B8150E00564DB4 /* KeychainItemWrapper.m */,
				E6DAA4F725B8150900564DB4 /* Util.m */,
				E6DAA4F425B8140800564DB4 /* libSecuLogMaster.a */,
			);
			path = fds;
			sourceTree = "<group>";
		};
		E6DAA4FB25B8157A00564DB4 /* h */ = {
			isa = PBXGroup;
			children = (
				E6DAA4FE25B8158500564DB4 /* ixcSecuLogMaster.h */,
				E6DAA4FD25B8158400564DB4 /* ixcSecureManager.h */,
				E6DAA4FC25B8158300564DB4 /* KeychainItemWrapper.h */,
				E6DAA4FF25B8158600564DB4 /* Util.h */,
			);
			path = h;
			sourceTree = "<group>";
		};
		F2E6DD7DE1BD394F2BA79383 /* Frameworks */ = {
			isa = PBXGroup;
			children = (
				E6AF5ABF25ABE2EB0073D3F2 /* AVFoundation.framework */,
				E6AF5ABB25ABE2E00073D3F2 /* UIKit.framework */,
				E6AF5AB025ABE03F0073D3F2 /* CoreVideo.framework */,
				114B1F2EE5F890ED314855BC /* Pods_SMART_SB_APP_IOS.framework */,
			);
			name = Frameworks;
			sourceTree = "<group>";
		};
/* End PBXGroup section */

/* Begin PBXNativeTarget section */
		E61EA09825AABCF100653273 /* SMART_SB_APP_IOS */ = {
			isa = PBXNativeTarget;
			buildConfigurationList = E61EA0AD25AABCF200653273 /* Build configuration list for PBXNativeTarget "SMART_SB_APP_IOS" */;
			buildPhases = (
				4A1CC0C728496AFE1352956E /* [CP] Check Pods Manifest.lock */,
				E61EA09525AABCF100653273 /* Sources */,
				E61EA09625AABCF100653273 /* Frameworks */,
				E61EA09725AABCF100653273 /* Resources */,
				C38DA95B1E9A734FEC4DF09E /* [CP] Embed Pods Frameworks */,
				E6AF5AA825ABDD590073D3F2 /* Embed Frameworks */,
			);
			buildRules = (
			);
			dependencies = (
			);
			name = SMART_SB_APP_IOS;
			productName = SMART_SB_APP_IOS;
			productReference = E61EA09925AABCF100653273 /* SMART_SB_APP_IOS.app */;
			productType = "com.apple.product-type.application";
		};
/* End PBXNativeTarget section */

/* Begin PBXProject section */
		E61EA09125AABCF000653273 /* Project object */ = {
			isa = PBXProject;
			attributes = {
				LastSwiftUpdateCheck = 1230;
				LastUpgradeCheck = 1230;
				TargetAttributes = {
					E61EA09825AABCF100653273 = {
						CreatedOnToolsVersion = 12.3;
						LastSwiftMigration = 1230;
					};
				};
			};
			buildConfigurationList = E61EA09425AABCF000653273 /* Build configuration list for PBXProject "SMART_SB_APP_IOS" */;
			compatibilityVersion = "Xcode 9.3";
			developmentRegion = en;
			hasScannedForEncodings = 0;
			knownRegions = (
				en,
				Base,
			);
			mainGroup = E61EA09025AABCF000653273;
			productRefGroup = E61EA09A25AABCF100653273 /* Products */;
			projectDirPath = "";
			projectRoot = "";
			targets = (
				E61EA09825AABCF100653273 /* SMART_SB_APP_IOS */,
			);
		};
/* End PBXProject section */

/* Begin PBXResourcesBuildPhase section */
		E61EA09725AABCF100653273 /* Resources */ = {
			isa = PBXResourcesBuildPhase;
			buildActionMask = 2147483647;
			files = (
				E667CAE125C5B252008C0EBB /* Pin.storyboard in Resources */,
				E667CADA25C5B1B8008C0EBB /* Access.storyboard in Resources */,
				E61EA0A925AABCF200653273 /* LaunchScreen.storyboard in Resources */,
				E61EA0A625AABCF200653273 /* Assets.xcassets in Resources */,
				E6AF5AB825ABE1DA0073D3F2 /* idcard_kor_one.wgt in Resources */,
				E6AF5AB925ABE1DA0073D3F2 /* asc.wgt in Resources */,
				E61EA0EB25AAC37800653273 /* Splash.storyboard in Resources */,
				E6AF5B2D25AC09D70073D3F2 /* Test.storyboard in Resources */,
				E6AF5ABA25ABE1DA0073D3F2 /* hang.rec in Resources */,
				E667CAE925C5B3C7008C0EBB /* CertList.storyboard in Resources */,
				E61EA0A425AABCF100653273 /* Main.storyboard in Resources */,
			);
			runOnlyForDeploymentPostprocessing = 0;
		};
/* End PBXResourcesBuildPhase section */

/* Begin PBXShellScriptBuildPhase section */
		4A1CC0C728496AFE1352956E /* [CP] Check Pods Manifest.lock */ = {
			isa = PBXShellScriptBuildPhase;
			buildActionMask = 2147483647;
			files = (
			);
			inputFileListPaths = (
			);
			inputPaths = (
				"${PODS_PODFILE_DIR_PATH}/Podfile.lock",
				"${PODS_ROOT}/Manifest.lock",
			);
			name = "[CP] Check Pods Manifest.lock";
			outputFileListPaths = (
			);
			outputPaths = (
				"$(DERIVED_FILE_DIR)/Pods-SMART_SB_APP_IOS-checkManifestLockResult.txt",
			);
			runOnlyForDeploymentPostprocessing = 0;
			shellPath = /bin/sh;
			shellScript = "diff \"${PODS_PODFILE_DIR_PATH}/Podfile.lock\" \"${PODS_ROOT}/Manifest.lock\" > /dev/null\nif [ $? != 0 ] ; then\n    # print error to STDERR\n    echo \"error: The sandbox is not in sync with the Podfile.lock. Run 'pod install' or update your CocoaPods installation.\" >&2\n    exit 1\nfi\n# This output is used by Xcode 'outputs' to avoid re-running this script phase.\necho \"SUCCESS\" > \"${SCRIPT_OUTPUT_FILE_0}\"\n";
			showEnvVarsInLog = 0;
		};
		C38DA95B1E9A734FEC4DF09E /* [CP] Embed Pods Frameworks */ = {
			isa = PBXShellScriptBuildPhase;
			buildActionMask = 2147483647;
			files = (
			);
			inputFileListPaths = (
				"${PODS_ROOT}/Target Support Files/Pods-SMART_SB_APP_IOS/Pods-SMART_SB_APP_IOS-frameworks-${CONFIGURATION}-input-files.xcfilelist",
			);
			name = "[CP] Embed Pods Frameworks";
			outputFileListPaths = (
				"${PODS_ROOT}/Target Support Files/Pods-SMART_SB_APP_IOS/Pods-SMART_SB_APP_IOS-frameworks-${CONFIGURATION}-output-files.xcfilelist",
			);
			runOnlyForDeploymentPostprocessing = 0;
			shellPath = /bin/sh;
			shellScript = "\"${PODS_ROOT}/Target Support Files/Pods-SMART_SB_APP_IOS/Pods-SMART_SB_APP_IOS-frameworks.sh\"\n";
			showEnvVarsInLog = 0;
		};
/* End PBXShellScriptBuildPhase section */

/* Begin PBXSourcesBuildPhase section */
		E61EA09525AABCF100653273 /* Sources */ = {
			isa = PBXSourcesBuildPhase;
			buildActionMask = 2147483647;
			files = (
				E6DAA4F925B8150E00564DB4 /* Util.m in Sources */,
				E6AF5B5E25AC12970073D3F2 /* UIApplication.swift in Sources */,
				E61EA0FF25AAC99600653273 /* TestVC.swift in Sources */,
				E61EA0D825AAC12900653273 /* Configuration.swift in Sources */,
				E61EA0CD25AAC09A00653273 /* SplashVC.swift in Sources */,
				E61EA0A125AABCF100653273 /* MainVC.swift in Sources */,
				E667CADC25C5B1C9008C0EBB /* AccessVC.swift in Sources */,
				E68D133725C5382D002CC473 /* Log.swift in Sources */,
				E68D133525C5361E002CC473 /* SceneCoordinator.swift in Sources */,
				E6DAA4FA25B8150E00564DB4 /* KeychainItemWrapper.m in Sources */,
				E61EA0E025AAC24600653273 /* Appdata.swift in Sources */,
				E61EA09D25AABCF100653273 /* AppDelegate.swift in Sources */,
				E6AF5B5C25AC11AE0073D3F2 /* StoryboardHelper.swift in Sources */,
				E667CAE725C5B3B9008C0EBB /* CertListVC.swift in Sources */,
				E61EA0E325AAC24900653273 /* NativeBridge.swift in Sources */,
				E667CAE325C5B25E008C0EBB /* PinVC.swift in Sources */,
				E61EA0D925AAC12900653273 /* String.swift in Sources */,
				E61EA09F25AABCF100653273 /* SceneDelegate.swift in Sources */,
				E61EA0D725AAC12900653273 /* Function.swift in Sources */,
			);
			runOnlyForDeploymentPostprocessing = 0;
		};
/* End PBXSourcesBuildPhase section */

/* Begin PBXVariantGroup section */
		E61EA0A225AABCF100653273 /* Main.storyboard */ = {
			isa = PBXVariantGroup;
			children = (
				E61EA0A325AABCF100653273 /* Base */,
			);
			name = Main.storyboard;
			sourceTree = "<group>";
		};
		E61EA0A725AABCF200653273 /* LaunchScreen.storyboard */ = {
			isa = PBXVariantGroup;
			children = (
				E61EA0A825AABCF200653273 /* Base */,
			);
			name = LaunchScreen.storyboard;
			sourceTree = "<group>";
		};
/* End PBXVariantGroup section */

/* Begin XCBuildConfiguration section */
		E61EA0AB25AABCF200653273 /* Debug */ = {
			isa = XCBuildConfiguration;
			buildSettings = {
				ALWAYS_SEARCH_USER_PATHS = NO;
				CLANG_ANALYZER_NONNULL = YES;
				CLANG_ANALYZER_NUMBER_OBJECT_CONVERSION = YES_AGGRESSIVE;
				CLANG_CXX_LANGUAGE_STANDARD = "gnu++14";
				CLANG_CXX_LIBRARY = "libc++";
				CLANG_ENABLE_MODULES = YES;
				CLANG_ENABLE_OBJC_ARC = YES;
				CLANG_ENABLE_OBJC_WEAK = YES;
				CLANG_WARN_BLOCK_CAPTURE_AUTORELEASING = YES;
				CLANG_WARN_BOOL_CONVERSION = YES;
				CLANG_WARN_COMMA = YES;
				CLANG_WARN_CONSTANT_CONVERSION = YES;
				CLANG_WARN_DEPRECATED_OBJC_IMPLEMENTATIONS = YES;
				CLANG_WARN_DIRECT_OBJC_ISA_USAGE = YES_ERROR;
				CLANG_WARN_DOCUMENTATION_COMMENTS = YES;
				CLANG_WARN_EMPTY_BODY = YES;
				CLANG_WARN_ENUM_CONVERSION = YES;
				CLANG_WARN_INFINITE_RECURSION = YES;
				CLANG_WARN_INT_CONVERSION = YES;
				CLANG_WARN_NON_LITERAL_NULL_CONVERSION = YES;
				CLANG_WARN_OBJC_IMPLICIT_RETAIN_SELF = YES;
				CLANG_WARN_OBJC_LITERAL_CONVERSION = YES;
				CLANG_WARN_OBJC_ROOT_CLASS = YES_ERROR;
				CLANG_WARN_QUOTED_INCLUDE_IN_FRAMEWORK_HEADER = YES;
				CLANG_WARN_RANGE_LOOP_ANALYSIS = YES;
				CLANG_WARN_STRICT_PROTOTYPES = YES;
				CLANG_WARN_SUSPICIOUS_MOVE = YES;
				CLANG_WARN_UNGUARDED_AVAILABILITY = YES_AGGRESSIVE;
				CLANG_WARN_UNREACHABLE_CODE = YES;
				CLANG_WARN__DUPLICATE_METHOD_MATCH = YES;
				COPY_PHASE_STRIP = NO;
				DEBUG_INFORMATION_FORMAT = dwarf;
				ENABLE_STRICT_OBJC_MSGSEND = YES;
				ENABLE_TESTABILITY = YES;
				GCC_C_LANGUAGE_STANDARD = gnu11;
				GCC_DYNAMIC_NO_PIC = NO;
				GCC_NO_COMMON_BLOCKS = YES;
				GCC_OPTIMIZATION_LEVEL = 0;
				GCC_PREPROCESSOR_DEFINITIONS = (
					"DEBUG=1",
					"$(inherited)",
				);
				GCC_WARN_64_TO_32_BIT_CONVERSION = YES;
				GCC_WARN_ABOUT_RETURN_TYPE = YES_ERROR;
				GCC_WARN_UNDECLARED_SELECTOR = YES;
				GCC_WARN_UNINITIALIZED_AUTOS = YES_AGGRESSIVE;
				GCC_WARN_UNUSED_FUNCTION = YES;
				GCC_WARN_UNUSED_VARIABLE = YES;
				IPHONEOS_DEPLOYMENT_TARGET = 13.2;
				MTL_ENABLE_DEBUG_INFO = INCLUDE_SOURCE;
				MTL_FAST_MATH = YES;
				ONLY_ACTIVE_ARCH = YES;
				SDKROOT = iphoneos;
				SWIFT_ACTIVE_COMPILATION_CONDITIONS = DEBUG;
				SWIFT_OPTIMIZATION_LEVEL = "-Onone";
			};
			name = Debug;
		};
		E61EA0AC25AABCF200653273 /* Release */ = {
			isa = XCBuildConfiguration;
			buildSettings = {
				ALWAYS_SEARCH_USER_PATHS = NO;
				CLANG_ANALYZER_NONNULL = YES;
				CLANG_ANALYZER_NUMBER_OBJECT_CONVERSION = YES_AGGRESSIVE;
				CLANG_CXX_LANGUAGE_STANDARD = "gnu++14";
				CLANG_CXX_LIBRARY = "libc++";
				CLANG_ENABLE_MODULES = YES;
				CLANG_ENABLE_OBJC_ARC = YES;
				CLANG_ENABLE_OBJC_WEAK = YES;
				CLANG_WARN_BLOCK_CAPTURE_AUTORELEASING = YES;
				CLANG_WARN_BOOL_CONVERSION = YES;
				CLANG_WARN_COMMA = YES;
				CLANG_WARN_CONSTANT_CONVERSION = YES;
				CLANG_WARN_DEPRECATED_OBJC_IMPLEMENTATIONS = YES;
				CLANG_WARN_DIRECT_OBJC_ISA_USAGE = YES_ERROR;
				CLANG_WARN_DOCUMENTATION_COMMENTS = YES;
				CLANG_WARN_EMPTY_BODY = YES;
				CLANG_WARN_ENUM_CONVERSION = YES;
				CLANG_WARN_INFINITE_RECURSION = YES;
				CLANG_WARN_INT_CONVERSION = YES;
				CLANG_WARN_NON_LITERAL_NULL_CONVERSION = YES;
				CLANG_WARN_OBJC_IMPLICIT_RETAIN_SELF = YES;
				CLANG_WARN_OBJC_LITERAL_CONVERSION = YES;
				CLANG_WARN_OBJC_ROOT_CLASS = YES_ERROR;
				CLANG_WARN_QUOTED_INCLUDE_IN_FRAMEWORK_HEADER = YES;
				CLANG_WARN_RANGE_LOOP_ANALYSIS = YES;
				CLANG_WARN_STRICT_PROTOTYPES = YES;
				CLANG_WARN_SUSPICIOUS_MOVE = YES;
				CLANG_WARN_UNGUARDED_AVAILABILITY = YES_AGGRESSIVE;
				CLANG_WARN_UNREACHABLE_CODE = YES;
				CLANG_WARN__DUPLICATE_METHOD_MATCH = YES;
				COPY_PHASE_STRIP = NO;
				DEBUG_INFORMATION_FORMAT = "dwarf-with-dsym";
				ENABLE_NS_ASSERTIONS = NO;
				ENABLE_STRICT_OBJC_MSGSEND = YES;
				GCC_C_LANGUAGE_STANDARD = gnu11;
				GCC_NO_COMMON_BLOCKS = YES;
				GCC_WARN_64_TO_32_BIT_CONVERSION = YES;
				GCC_WARN_ABOUT_RETURN_TYPE = YES_ERROR;
				GCC_WARN_UNDECLARED_SELECTOR = YES;
				GCC_WARN_UNINITIALIZED_AUTOS = YES_AGGRESSIVE;
				GCC_WARN_UNUSED_FUNCTION = YES;
				GCC_WARN_UNUSED_VARIABLE = YES;
				IPHONEOS_DEPLOYMENT_TARGET = 13.2;
				MTL_ENABLE_DEBUG_INFO = NO;
				MTL_FAST_MATH = YES;
				SDKROOT = iphoneos;
				SWIFT_COMPILATION_MODE = wholemodule;
				SWIFT_OPTIMIZATION_LEVEL = "-O";
				VALIDATE_PRODUCT = YES;
			};
			name = Release;
		};
		E61EA0AE25AABCF200653273 /* Debug */ = {
			isa = XCBuildConfiguration;
			baseConfigurationReference = ED3B7CEE11F787953063908C /* Pods-SMART_SB_APP_IOS.debug.xcconfig */;
			buildSettings = {
				ASSETCATALOG_COMPILER_APPICON_NAME = AppIcon;
				ASSETCATALOG_COMPILER_GLOBAL_ACCENT_COLOR_NAME = AccentColor;
				CLANG_ENABLE_MODULES = YES;
				CODE_SIGN_STYLE = Automatic;
				DEVELOPMENT_ASSET_PATHS = "";
				ENABLE_BITCODE = NO;
				FRAMEWORK_SEARCH_PATHS = (
					"$(inherited)",
					"$(PROJECT_DIR)/SMART_SB_APP_IOS/Lib/face_ocr",
					"$(PROJECT_DIR)/SMART_SB_APP_IOS/Lib/eightbyte",
				);
				INFOPLIST_FILE = SMART_SB_APP_IOS/Info.plist;
				LD_RUNPATH_SEARCH_PATHS = (
					"$(inherited)",
					"@executable_path/Frameworks",
				);
				LIBRARY_SEARCH_PATHS = (
					"$(inherited)",
					"$(PROJECT_DIR)/SMART_SB_APP_IOS/Lib",
					"$(PROJECT_DIR)/SMART_SB_APP_IOS/Lib/cert/lib",
					"$(PROJECT_DIR)/SMART_SB_APP_IOS/Lib/fds",
				);
				NEW_SETTING = "";
				PRODUCT_BUNDLE_IDENTIFIER = kr.co.smartbank.app;
				PRODUCT_NAME = "$(TARGET_NAME)";
				SWIFT_OBJC_BRIDGING_HEADER = "SMART_SB_Bridging-Header.h";
				SWIFT_OPTIMIZATION_LEVEL = "-Onone";
				SWIFT_VERSION = 5.0;
				TARGETED_DEVICE_FAMILY = 1;
				VALIDATE_WORKSPACE = YES;
			};
			name = Debug;
		};
		E61EA0AF25AABCF200653273 /* Release */ = {
			isa = XCBuildConfiguration;
			baseConfigurationReference = 3BA0C1B0A6F399BF3468D58D /* Pods-SMART_SB_APP_IOS.release.xcconfig */;
			buildSettings = {
				ASSETCATALOG_COMPILER_APPICON_NAME = AppIcon;
				ASSETCATALOG_COMPILER_GLOBAL_ACCENT_COLOR_NAME = AccentColor;
				CLANG_ENABLE_MODULES = YES;
				CODE_SIGN_STYLE = Automatic;
				DEVELOPMENT_ASSET_PATHS = "";
				ENABLE_BITCODE = NO;
				FRAMEWORK_SEARCH_PATHS = (
					"$(inherited)",
					"$(PROJECT_DIR)/SMART_SB_APP_IOS/Lib/face_ocr",
					"$(PROJECT_DIR)/SMART_SB_APP_IOS/Lib/eightbyte",
				);
				INFOPLIST_FILE = SMART_SB_APP_IOS/Info.plist;
				LD_RUNPATH_SEARCH_PATHS = (
					"$(inherited)",
					"@executable_path/Frameworks",
				);
				LIBRARY_SEARCH_PATHS = (
					"$(inherited)",
					"$(PROJECT_DIR)/SMART_SB_APP_IOS/Lib",
					"$(PROJECT_DIR)/SMART_SB_APP_IOS/Lib/cert/lib",
					"$(PROJECT_DIR)/SMART_SB_APP_IOS/Lib/fds",
				);
				NEW_SETTING = "";
				PRODUCT_BUNDLE_IDENTIFIER = kr.co.smartbank.app;
				PRODUCT_NAME = "$(TARGET_NAME)";
				SWIFT_OBJC_BRIDGING_HEADER = "SMART_SB_Bridging-Header.h";
				SWIFT_VERSION = 5.0;
				TARGETED_DEVICE_FAMILY = 1;
				VALIDATE_WORKSPACE = YES;
			};
			name = Release;
		};
/* End XCBuildConfiguration section */

/* Begin XCConfigurationList section */
		E61EA09425AABCF000653273 /* Build configuration list for PBXProject "SMART_SB_APP_IOS" */ = {
			isa = XCConfigurationList;
			buildConfigurations = (
				E61EA0AB25AABCF200653273 /* Debug */,
				E61EA0AC25AABCF200653273 /* Release */,
			);
			defaultConfigurationIsVisible = 0;
			defaultConfigurationName = Release;
		};
		E61EA0AD25AABCF200653273 /* Build configuration list for PBXNativeTarget "SMART_SB_APP_IOS" */ = {
			isa = XCConfigurationList;
			buildConfigurations = (
				E61EA0AE25AABCF200653273 /* Debug */,
				E61EA0AF25AABCF200653273 /* Release */,
			);
			defaultConfigurationIsVisible = 0;
			defaultConfigurationName = Release;
		};
/* End XCConfigurationList section */
	};
	rootObject = E61EA09125AABCF000653273 /* Project object */;
}
