// !$*UTF8*$!
{
	archiveVersion = 1;
	classes = {
	};
	objectVersion = 51;
	objects = {

/* Begin PBXBuildFile section */
		E6019F3625D664780020C064 /* CertListCell.swift in Sources */ = {isa = PBXBuildFile; fileRef = E6019F3525D664780020C064 /* CertListCell.swift */; };
		E6019F3825D6AFCF0020C064 /* CoreVideo.framework in Frameworks */ = {isa = PBXBuildFile; fileRef = E6AF5AB025ABE03F0073D3F2 /* CoreVideo.framework */; };
		E6019F3B25D6AFF30020C064 /* OcrVC.swift in Sources */ = {isa = PBXBuildFile; fileRef = E6019F3A25D6AFF30020C064 /* OcrVC.swift */; };
		E6019F3D25D6B09B0020C064 /* Ocr.storyboard in Resources */ = {isa = PBXBuildFile; fileRef = E6019F3C25D6B09B0020C064 /* Ocr.storyboard */; };
		E6019F5E25D6B99D0020C064 /* Pattrun.storyboard in Resources */ = {isa = PBXBuildFile; fileRef = E6019F5D25D6B99D0020C064 /* Pattrun.storyboard */; };
		E6019F6025D6B9A90020C064 /* PattrunVC.swift in Sources */ = {isa = PBXBuildFile; fileRef = E6019F5F25D6B9A90020C064 /* PattrunVC.swift */; };
		E6019F6225D6B9EB0020C064 /* BioVC.swift in Sources */ = {isa = PBXBuildFile; fileRef = E6019F6125D6B9EB0020C064 /* BioVC.swift */; };
		E6019F6425D6BA0B0020C064 /* Bio.storyboard in Resources */ = {isa = PBXBuildFile; fileRef = E6019F6325D6BA0B0020C064 /* Bio.storyboard */; };
		E6056A6325D5048C00CD69C8 /* Constants.swift in Sources */ = {isa = PBXBuildFile; fileRef = E6056A6225D5048B00CD69C8 /* Constants.swift */; };
		E6056A7125D5062400CD69C8 /* asc.wgt in Resources */ = {isa = PBXBuildFile; fileRef = E6056A6E25D5062300CD69C8 /* asc.wgt */; };
		E6056A7225D5062400CD69C8 /* idcard_kor_one.wgt in Resources */ = {isa = PBXBuildFile; fileRef = E6056A6F25D5062400CD69C8 /* idcard_kor_one.wgt */; };
		E6056A7325D5062400CD69C8 /* hang.rec in Resources */ = {isa = PBXBuildFile; fileRef = E6056A7025D5062400CD69C8 /* hang.rec */; };
		E6056A7625D5065A00CD69C8 /* PACECaptureNRecog.framework in Embed Frameworks */ = {isa = PBXBuildFile; fileRef = E6056A7425D5062700CD69C8 /* PACECaptureNRecog.framework */; settings = {ATTRIBUTES = (CodeSignOnCopy, RemoveHeadersOnCopy, ); }; };
		E6056A7925D506E700CD69C8 /* Pods_SMART_SB_APP_IOS.framework in Frameworks */ = {isa = PBXBuildFile; fileRef = 114B1F2EE5F890ED314855BC /* Pods_SMART_SB_APP_IOS.framework */; };
		E6056A7A25D506E700CD69C8 /* Pods_SMART_SB_APP_IOS.framework in Embed Frameworks */ = {isa = PBXBuildFile; fileRef = 114B1F2EE5F890ED314855BC /* Pods_SMART_SB_APP_IOS.framework */; settings = {ATTRIBUTES = (CodeSignOnCopy, RemoveHeadersOnCopy, ); }; };
		E6056A7B25D506EE00CD69C8 /* AVFoundation.framework in Frameworks */ = {isa = PBXBuildFile; fileRef = E6AF5ABF25ABE2EB0073D3F2 /* AVFoundation.framework */; };
		E6056ADD25D5085700CD69C8 /* KSaria.ct in Resources */ = {isa = PBXBuildFile; fileRef = E6056ABB25D5085700CD69C8 /* KSaria.ct */; };
		E6056ADE25D5085700CD69C8 /* signkr.ct in Resources */ = {isa = PBXBuildFile; fileRef = E6056ABC25D5085700CD69C8 /* signkr.ct */; };
		E6056ADF25D5085700CD69C8 /* signgate.ct in Resources */ = {isa = PBXBuildFile; fileRef = E6056ABD25D5085700CD69C8 /* signgate.ct */; };
		E6056AE025D5085700CD69C8 /* kisaroot.ct in Resources */ = {isa = PBXBuildFile; fileRef = E6056AC125D5085700CD69C8 /* kisaroot.ct */; };
		E6056AE125D5085700CD69C8 /* xmca.ct in Resources */ = {isa = PBXBuildFile; fileRef = E6056AD425D5085700CD69C8 /* xmca.ct */; };
		E6056AE225D5085700CD69C8 /* yessign.ct in Resources */ = {isa = PBXBuildFile; fileRef = E6056ADA25D5085700CD69C8 /* yessign.ct */; };
		E6056AFC25D5108B00CD69C8 /* libKeySharpiPhone.a in Frameworks */ = {isa = PBXBuildFile; fileRef = E6056AF425D5087500CD69C8 /* libKeySharpiPhone.a */; };
		E6056AFD25D5108F00CD69C8 /* libKeySharpiPhoneICRP.a in Frameworks */ = {isa = PBXBuildFile; fileRef = E6056AEE25D5087500CD69C8 /* libKeySharpiPhoneICRP.a */; };
		E6056AFE25D5109C00CD69C8 /* libSecureData.a in Frameworks */ = {isa = PBXBuildFile; fileRef = E6056AEB25D5087500CD69C8 /* libSecureData.a */; };
		E6056B0825D5525100CD69C8 /* PACECaptureNRecog.framework in Frameworks */ = {isa = PBXBuildFile; fileRef = E6056A7425D5062700CD69C8 /* PACECaptureNRecog.framework */; };
		E6056B0D25D56C5A00CD69C8 /* Security.framework in Frameworks */ = {isa = PBXBuildFile; fileRef = E6F23E9E25C7E883003C8C00 /* Security.framework */; };
		E6056B1D25D56F1000CD69C8 /* libSecuLogMaster.a in Frameworks */ = {isa = PBXBuildFile; fileRef = E6DAA4F425B8140800564DB4 /* libSecuLogMaster.a */; };
		E6056B5C25D584D100CD69C8 /* CertImportVC.swift in Sources */ = {isa = PBXBuildFile; fileRef = E6056B5B25D584D100CD69C8 /* CertImportVC.swift */; };
		E6056B5E25D584EC00CD69C8 /* CertImport.storyboard in Resources */ = {isa = PBXBuildFile; fileRef = E6056B5D25D584EC00CD69C8 /* CertImport.storyboard */; };
		E61EA09D25AABCF100653273 /* AppDelegate.swift in Sources */ = {isa = PBXBuildFile; fileRef = E61EA09C25AABCF100653273 /* AppDelegate.swift */; };
		E61EA09F25AABCF100653273 /* SceneDelegate.swift in Sources */ = {isa = PBXBuildFile; fileRef = E61EA09E25AABCF100653273 /* SceneDelegate.swift */; };
		E61EA0A125AABCF100653273 /* MainVC.swift in Sources */ = {isa = PBXBuildFile; fileRef = E61EA0A025AABCF100653273 /* MainVC.swift */; };
		E61EA0A425AABCF100653273 /* Main.storyboard in Resources */ = {isa = PBXBuildFile; fileRef = E61EA0A225AABCF100653273 /* Main.storyboard */; };
		E61EA0A625AABCF200653273 /* Assets.xcassets in Resources */ = {isa = PBXBuildFile; fileRef = E61EA0A525AABCF200653273 /* Assets.xcassets */; };
		E61EA0A925AABCF200653273 /* LaunchScreen.storyboard in Resources */ = {isa = PBXBuildFile; fileRef = E61EA0A725AABCF200653273 /* LaunchScreen.storyboard */; };
		E61EA0CD25AAC09A00653273 /* SplashVC.swift in Sources */ = {isa = PBXBuildFile; fileRef = E61EA0CC25AAC09A00653273 /* SplashVC.swift */; };
		E61EA0D725AAC12900653273 /* Function.swift in Sources */ = {isa = PBXBuildFile; fileRef = E61EA0D325AAC12800653273 /* Function.swift */; };
		E61EA0D825AAC12900653273 /* Configuration.swift in Sources */ = {isa = PBXBuildFile; fileRef = E61EA0D425AAC12800653273 /* Configuration.swift */; };
		E61EA0D925AAC12900653273 /* String.swift in Sources */ = {isa = PBXBuildFile; fileRef = E61EA0D525AAC12900653273 /* String.swift */; };
		E61EA0E025AAC24600653273 /* Appdata.swift in Sources */ = {isa = PBXBuildFile; fileRef = E61EA0DF25AAC24600653273 /* Appdata.swift */; };
		E61EA0E325AAC24900653273 /* NativeBridge.swift in Sources */ = {isa = PBXBuildFile; fileRef = E61EA0E225AAC24900653273 /* NativeBridge.swift */; };
		E61EA0EB25AAC37800653273 /* Splash.storyboard in Resources */ = {isa = PBXBuildFile; fileRef = E61EA0EA25AAC37800653273 /* Splash.storyboard */; };
		E61EA0FF25AAC99600653273 /* TestVC.swift in Sources */ = {isa = PBXBuildFile; fileRef = E61EA0FE25AAC99600653273 /* TestVC.swift */; };
		E667CADA25C5B1B8008C0EBB /* Access.storyboard in Resources */ = {isa = PBXBuildFile; fileRef = E667CAD925C5B1B8008C0EBB /* Access.storyboard */; };
		E667CADC25C5B1C9008C0EBB /* AccessVC.swift in Sources */ = {isa = PBXBuildFile; fileRef = E667CADB25C5B1C9008C0EBB /* AccessVC.swift */; };
		E667CAE125C5B252008C0EBB /* Pin.storyboard in Resources */ = {isa = PBXBuildFile; fileRef = E667CAE025C5B252008C0EBB /* Pin.storyboard */; };
		E667CAE325C5B25E008C0EBB /* PinVC.swift in Sources */ = {isa = PBXBuildFile; fileRef = E667CAE225C5B25E008C0EBB /* PinVC.swift */; };
		E667CAE725C5B3B9008C0EBB /* CertListVC.swift in Sources */ = {isa = PBXBuildFile; fileRef = E667CAE625C5B3B9008C0EBB /* CertListVC.swift */; };
		E667CAE925C5B3C7008C0EBB /* CertList.storyboard in Resources */ = {isa = PBXBuildFile; fileRef = E667CAE825C5B3C7008C0EBB /* CertList.storyboard */; };
		E68D133525C5361E002CC473 /* SceneCoordinator.swift in Sources */ = {isa = PBXBuildFile; fileRef = E68D133425C5361E002CC473 /* SceneCoordinator.swift */; };
		E68D133725C5382D002CC473 /* Log.swift in Sources */ = {isa = PBXBuildFile; fileRef = E68D133625C5382D002CC473 /* Log.swift */; };
		E6AF5B2D25AC09D70073D3F2 /* Test.storyboard in Resources */ = {isa = PBXBuildFile; fileRef = E6AF5B2C25AC09D70073D3F2 /* Test.storyboard */; };
		E6AF5B5C25AC11AE0073D3F2 /* StoryboardHelper.swift in Sources */ = {isa = PBXBuildFile; fileRef = E6AF5B5B25AC11AE0073D3F2 /* StoryboardHelper.swift */; };
		E6AF5B5E25AC12970073D3F2 /* UIApplication.swift in Sources */ = {isa = PBXBuildFile; fileRef = E6AF5B5D25AC12970073D3F2 /* UIApplication.swift */; };
		E6DAA4F925B8150E00564DB4 /* Util.m in Sources */ = {isa = PBXBuildFile; fileRef = E6DAA4F725B8150900564DB4 /* Util.m */; };
		E6DAA4FA25B8150E00564DB4 /* KeychainItemWrapper.m in Sources */ = {isa = PBXBuildFile; fileRef = E6DAA4F825B8150E00564DB4 /* KeychainItemWrapper.m */; };
/* End PBXBuildFile section */

/* Begin PBXCopyFilesBuildPhase section */
		E6AF5AA825ABDD590073D3F2 /* Embed Frameworks */ = {
			isa = PBXCopyFilesBuildPhase;
			buildActionMask = 2147483647;
			dstPath = "";
			dstSubfolderSpec = 10;
			files = (
				E6056A7A25D506E700CD69C8 /* Pods_SMART_SB_APP_IOS.framework in Embed Frameworks */,
				E6056A7625D5065A00CD69C8 /* PACECaptureNRecog.framework in Embed Frameworks */,
			);
			name = "Embed Frameworks";
			runOnlyForDeploymentPostprocessing = 0;
		};
/* End PBXCopyFilesBuildPhase section */

/* Begin PBXFileReference section */
		114B1F2EE5F890ED314855BC /* Pods_SMART_SB_APP_IOS.framework */ = {isa = PBXFileReference; explicitFileType = wrapper.framework; includeInIndex = 0; path = Pods_SMART_SB_APP_IOS.framework; sourceTree = BUILT_PRODUCTS_DIR; };
		3BA0C1B0A6F399BF3468D58D /* Pods-SMART_SB_APP_IOS.release.xcconfig */ = {isa = PBXFileReference; includeInIndex = 1; lastKnownFileType = text.xcconfig; name = "Pods-SMART_SB_APP_IOS.release.xcconfig"; path = "Target Support Files/Pods-SMART_SB_APP_IOS/Pods-SMART_SB_APP_IOS.release.xcconfig"; sourceTree = "<group>"; };
		E6019F3525D664780020C064 /* CertListCell.swift */ = {isa = PBXFileReference; lastKnownFileType = sourcecode.swift; path = CertListCell.swift; sourceTree = "<group>"; };
		E6019F3A25D6AFF30020C064 /* OcrVC.swift */ = {isa = PBXFileReference; lastKnownFileType = sourcecode.swift; path = OcrVC.swift; sourceTree = "<group>"; };
		E6019F3C25D6B09B0020C064 /* Ocr.storyboard */ = {isa = PBXFileReference; lastKnownFileType = file.storyboard; path = Ocr.storyboard; sourceTree = "<group>"; };
		E6019F5D25D6B99D0020C064 /* Pattrun.storyboard */ = {isa = PBXFileReference; lastKnownFileType = file.storyboard; path = Pattrun.storyboard; sourceTree = "<group>"; };
		E6019F5F25D6B9A90020C064 /* PattrunVC.swift */ = {isa = PBXFileReference; lastKnownFileType = sourcecode.swift; path = PattrunVC.swift; sourceTree = "<group>"; };
		E6019F6125D6B9EB0020C064 /* BioVC.swift */ = {isa = PBXFileReference; lastKnownFileType = sourcecode.swift; name = BioVC.swift; path = SMART_SB_APP_IOS/View/Patturn/BioVC.swift; sourceTree = SOURCE_ROOT; };
		E6019F6325D6BA0B0020C064 /* Bio.storyboard */ = {isa = PBXFileReference; lastKnownFileType = file.storyboard; name = Bio.storyboard; path = SMART_SB_APP_IOS/View/Patturn/Bio.storyboard; sourceTree = SOURCE_ROOT; };
		E6056A6225D5048B00CD69C8 /* Constants.swift */ = {isa = PBXFileReference; fileEncoding = 4; lastKnownFileType = sourcecode.swift; path = Constants.swift; sourceTree = "<group>"; };
		E6056A6E25D5062300CD69C8 /* asc.wgt */ = {isa = PBXFileReference; lastKnownFileType = file; path = asc.wgt; sourceTree = "<group>"; };
		E6056A6F25D5062400CD69C8 /* idcard_kor_one.wgt */ = {isa = PBXFileReference; lastKnownFileType = file; path = idcard_kor_one.wgt; sourceTree = "<group>"; };
		E6056A7025D5062400CD69C8 /* hang.rec */ = {isa = PBXFileReference; lastKnownFileType = file; path = hang.rec; sourceTree = "<group>"; };
		E6056A7425D5062700CD69C8 /* PACECaptureNRecog.framework */ = {isa = PBXFileReference; lastKnownFileType = wrapper.framework; path = PACECaptureNRecog.framework; sourceTree = "<group>"; };
		E6056A8425D5082300CD69C8 /* NSHCData.h */ = {isa = PBXFileReference; fileEncoding = 4; lastKnownFileType = sourcecode.c.h; path = NSHCData.h; sourceTree = "<group>"; };
		E6056A8525D5082300CD69C8 /* SecureData.h */ = {isa = PBXFileReference; fileEncoding = 4; lastKnownFileType = sourcecode.c.h; path = SecureData.h; sourceTree = "<group>"; };
		E6056A8625D5082300CD69C8 /* Util.h */ = {isa = PBXFileReference; fileEncoding = 4; lastKnownFileType = sourcecode.c.h; path = Util.h; sourceTree = "<group>"; };
		E6056A8725D5082400CD69C8 /* ProtectedData.h */ = {isa = PBXFileReference; fileEncoding = 4; lastKnownFileType = sourcecode.c.h; path = ProtectedData.h; sourceTree = "<group>"; };
		E6056A8825D5083500CD69C8 /* KSDevice.h */ = {isa = PBXFileReference; fileEncoding = 4; lastKnownFileType = sourcecode.c.h; path = KSDevice.h; sourceTree = "<group>"; };
		E6056A8925D5083600CD69C8 /* KSKeychainItemWrapper.h */ = {isa = PBXFileReference; fileEncoding = 4; lastKnownFileType = sourcecode.c.h; path = KSKeychainItemWrapper.h; sourceTree = "<group>"; };
		E6056A8A25D5084300CD69C8 /* ICRProtocol.h */ = {isa = PBXFileReference; fileEncoding = 4; lastKnownFileType = sourcecode.c.h; path = ICRProtocol.h; sourceTree = "<group>"; };
		E6056A8C25D5085700CD69C8 /* FMDatabase.h */ = {isa = PBXFileReference; fileEncoding = 4; lastKnownFileType = sourcecode.c.h; path = FMDatabase.h; sourceTree = "<group>"; };
		E6056A8E25D5085700CD69C8 /* SignKoreaFramework.h */ = {isa = PBXFileReference; fileEncoding = 4; lastKnownFileType = sourcecode.c.h; path = SignKoreaFramework.h; sourceTree = "<group>"; };
		E6056A8F25D5085700CD69C8 /* FMResultSet.h */ = {isa = PBXFileReference; fileEncoding = 4; lastKnownFileType = sourcecode.c.h; path = FMResultSet.h; sourceTree = "<group>"; };
		E6056A9025D5085700CD69C8 /* CertManager.h */ = {isa = PBXFileReference; fileEncoding = 4; lastKnownFileType = sourcecode.c.h; path = CertManager.h; sourceTree = "<group>"; };
		E6056A9125D5085700CD69C8 /* NCCommon.h */ = {isa = PBXFileReference; fileEncoding = 4; lastKnownFileType = sourcecode.c.h; path = NCCommon.h; sourceTree = "<group>"; };
		E6056A9225D5085700CD69C8 /* BillViewController.h */ = {isa = PBXFileReference; fileEncoding = 4; lastKnownFileType = sourcecode.c.h; path = BillViewController.h; sourceTree = "<group>"; };
		E6056A9325D5085700CD69C8 /* EasyJSWebView.h */ = {isa = PBXFileReference; fileEncoding = 4; lastKnownFileType = sourcecode.c.h; path = EasyJSWebView.h; sourceTree = "<group>"; };
		E6056A9425D5085700CD69C8 /* EasyJSDataFunction.h */ = {isa = PBXFileReference; fileEncoding = 4; lastKnownFileType = sourcecode.c.h; path = EasyJSDataFunction.h; sourceTree = "<group>"; };
		E6056A9525D5085700CD69C8 /* Certificate.h */ = {isa = PBXFileReference; fileEncoding = 4; lastKnownFileType = sourcecode.c.h; path = Certificate.h; sourceTree = "<group>"; };
		E6056A9625D5085700CD69C8 /* EasyJSWebViewProxyDelegate.h */ = {isa = PBXFileReference; fileEncoding = 4; lastKnownFileType = sourcecode.c.h; path = EasyJSWebViewProxyDelegate.h; sourceTree = "<group>"; };
		E6056A9725D5085700CD69C8 /* CopyCertificate.h */ = {isa = PBXFileReference; fileEncoding = 4; lastKnownFileType = sourcecode.c.h; path = CopyCertificate.h; sourceTree = "<group>"; };
		E6056A9825D5085700CD69C8 /* Util.h */ = {isa = PBXFileReference; fileEncoding = 4; lastKnownFileType = sourcecode.c.h; path = Util.h; sourceTree = "<group>"; };
		E6056A9925D5085700CD69C8 /* KeyChainManager.h */ = {isa = PBXFileReference; fileEncoding = 4; lastKnownFileType = sourcecode.c.h; path = KeyChainManager.h; sourceTree = "<group>"; };
		E6056A9A25D5085700CD69C8 /* KSCertManager.h */ = {isa = PBXFileReference; fileEncoding = 4; lastKnownFileType = sourcecode.c.h; path = KSCertManager.h; sourceTree = "<group>"; };
		E6056A9B25D5085700CD69C8 /* KS2Translator.h */ = {isa = PBXFileReference; fileEncoding = 4; lastKnownFileType = sourcecode.c.h; path = KS2Translator.h; sourceTree = "<group>"; };
		E6056A9C25D5085700CD69C8 /* FMDatabaseAdditions.h */ = {isa = PBXFileReference; fileEncoding = 4; lastKnownFileType = sourcecode.c.h; path = FMDatabaseAdditions.h; sourceTree = "<group>"; };
		E6056A9D25D5085700CD69C8 /* Logger.h */ = {isa = PBXFileReference; fileEncoding = 4; lastKnownFileType = sourcecode.c.h; path = Logger.h; sourceTree = "<group>"; };
		E6056A9F25D5085700CD69C8 /* KSsock.h_back.h */ = {isa = PBXFileReference; fileEncoding = 4; lastKnownFileType = sourcecode.c.h; path = KSsock.h_back.h; sourceTree = "<group>"; };
		E6056AA025D5085700CD69C8 /* KSpkcs8Util.h */ = {isa = PBXFileReference; fileEncoding = 4; lastKnownFileType = sourcecode.c.h; path = KSpkcs8Util.h; sourceTree = "<group>"; };
		E6056AA125D5085700CD69C8 /* KScbcmac.h */ = {isa = PBXFileReference; fileEncoding = 4; lastKnownFileType = sourcecode.c.h; path = KScbcmac.h; sourceTree = "<group>"; };
		E6056AA225D5085700CD69C8 /* KSbin.h */ = {isa = PBXFileReference; fileEncoding = 4; lastKnownFileType = sourcecode.c.h; path = KSbin.h; sourceTree = "<group>"; };
		E6056AA325D5085700CD69C8 /* KSrand.h */ = {isa = PBXFileReference; fileEncoding = 4; lastKnownFileType = sourcecode.c.h; path = KSrand.h; sourceTree = "<group>"; };
		E6056AA425D5085700CD69C8 /* KSutil.h */ = {isa = PBXFileReference; fileEncoding = 4; lastKnownFileType = sourcecode.c.h; path = KSutil.h; sourceTree = "<group>"; };
		E6056AA525D5085700CD69C8 /* KSprime.h */ = {isa = PBXFileReference; fileEncoding = 4; lastKnownFileType = sourcecode.c.h; path = KSprime.h; sourceTree = "<group>"; };
		E6056AA625D5085700CD69C8 /* KScert.h */ = {isa = PBXFileReference; fileEncoding = 4; lastKnownFileType = sourcecode.c.h; path = KScert.h; sourceTree = "<group>"; };
		E6056AA725D5085700CD69C8 /* KSpkcs10.h */ = {isa = PBXFileReference; fileEncoding = 4; lastKnownFileType = sourcecode.c.h; path = KSpkcs10.h; sourceTree = "<group>"; };
		E6056AA825D5085700CD69C8 /* KSdebug.h */ = {isa = PBXFileReference; fileEncoding = 4; lastKnownFileType = sourcecode.c.h; path = KSdebug.h; sourceTree = "<group>"; };
		E6056AA925D5085700CD69C8 /* KSbigint.h */ = {isa = PBXFileReference; fileEncoding = 4; lastKnownFileType = sourcecode.c.h; path = KSbigint.h; sourceTree = "<group>"; };
		E6056AAA25D5085700CD69C8 /* KShmac.h */ = {isa = PBXFileReference; fileEncoding = 4; lastKnownFileType = sourcecode.c.h; path = KShmac.h; sourceTree = "<group>"; };
		E6056AAB25D5085700CD69C8 /* KSpkcs1.h */ = {isa = PBXFileReference; fileEncoding = 4; lastKnownFileType = sourcecode.c.h; path = KSpkcs1.h; sourceTree = "<group>"; };
		E6056AAC25D5085700CD69C8 /* KSrp.h */ = {isa = PBXFileReference; fileEncoding = 4; lastKnownFileType = sourcecode.c.h; path = KSrp.h; sourceTree = "<group>"; };
		E6056AAD25D5085700CD69C8 /* KSdessp.h */ = {isa = PBXFileReference; fileEncoding = 4; lastKnownFileType = sourcecode.c.h; path = KSdessp.h; sourceTree = "<group>"; };
		E6056AAE25D5085700CD69C8 /* KSasntypes.h */ = {isa = PBXFileReference; fileEncoding = 4; lastKnownFileType = sourcecode.c.h; path = KSasntypes.h; sourceTree = "<group>"; };
		E6056AAF25D5085700CD69C8 /* prime.h */ = {isa = PBXFileReference; fileEncoding = 4; lastKnownFileType = sourcecode.c.h; path = prime.h; sourceTree = "<group>"; };
		E6056AB025D5085700CD69C8 /* KSpkcs5.h */ = {isa = PBXFileReference; fileEncoding = 4; lastKnownFileType = sourcecode.c.h; path = KSpkcs5.h; sourceTree = "<group>"; };
		E6056AB125D5085700CD69C8 /* KScmperr.h */ = {isa = PBXFileReference; fileEncoding = 4; lastKnownFileType = sourcecode.c.h; path = KScmperr.h; sourceTree = "<group>"; };
		E6056AB225D5085700CD69C8 /* KSerror.h */ = {isa = PBXFileReference; fileEncoding = 4; lastKnownFileType = sourcecode.c.h; path = KSerror.h; sourceTree = "<group>"; };
		E6056AB325D5085700CD69C8 /* KSdh.h */ = {isa = PBXFileReference; fileEncoding = 4; lastKnownFileType = sourcecode.c.h; path = KSdh.h; sourceTree = "<group>"; };
		E6056AB425D5085700CD69C8 /* KSaria.h */ = {isa = PBXFileReference; fileEncoding = 4; lastKnownFileType = sourcecode.c.h; path = KSaria.h; sourceTree = "<group>"; };
		E6056AB525D5085700CD69C8 /* CertManager.h */ = {isa = PBXFileReference; fileEncoding = 4; lastKnownFileType = sourcecode.c.h; path = CertManager.h; sourceTree = "<group>"; };
		E6056AB625D5085700CD69C8 /* KShash.h */ = {isa = PBXFileReference; fileEncoding = 4; lastKnownFileType = sourcecode.c.h; path = KShash.h; sourceTree = "<group>"; };
		E6056AB725D5085700CD69C8 /* KSdes.h */ = {isa = PBXFileReference; fileEncoding = 4; lastKnownFileType = sourcecode.c.h; path = KSdes.h; sourceTree = "<group>"; };
		E6056AB825D5085700CD69C8 /* RA.h */ = {isa = PBXFileReference; fileEncoding = 4; lastKnownFileType = sourcecode.c.h; path = RA.h; sourceTree = "<group>"; };
		E6056AB925D5085700CD69C8 /* KSaes.h */ = {isa = PBXFileReference; fileEncoding = 4; lastKnownFileType = sourcecode.c.h; path = KSaes.h; sourceTree = "<group>"; };
		E6056ABA25D5085700CD69C8 /* KSpkcs8.h */ = {isa = PBXFileReference; fileEncoding = 4; lastKnownFileType = sourcecode.c.h; path = KSpkcs8.h; sourceTree = "<group>"; };
		E6056ABB25D5085700CD69C8 /* KSaria.ct */ = {isa = PBXFileReference; fileEncoding = 4; lastKnownFileType = text; path = KSaria.ct; sourceTree = "<group>"; };
		E6056ABC25D5085700CD69C8 /* signkr.ct */ = {isa = PBXFileReference; fileEncoding = 4; lastKnownFileType = text; path = signkr.ct; sourceTree = "<group>"; };
		E6056ABD25D5085700CD69C8 /* signgate.ct */ = {isa = PBXFileReference; fileEncoding = 4; lastKnownFileType = text; path = signgate.ct; sourceTree = "<group>"; };
		E6056ABE25D5085700CD69C8 /* KSseed.h */ = {isa = PBXFileReference; fileEncoding = 4; lastKnownFileType = sourcecode.c.h; path = KSseed.h; sourceTree = "<group>"; };
		E6056ABF25D5085700CD69C8 /* KSHybridEnvelop.h */ = {isa = PBXFileReference; fileEncoding = 4; lastKnownFileType = sourcecode.c.h; path = KSHybridEnvelop.h; sourceTree = "<group>"; };
		E6056AC025D5085700CD69C8 /* thread.h */ = {isa = PBXFileReference; fileEncoding = 4; lastKnownFileType = sourcecode.c.h; path = thread.h; sourceTree = "<group>"; };
		E6056AC125D5085700CD69C8 /* kisaroot.ct */ = {isa = PBXFileReference; fileEncoding = 4; lastKnownFileType = text; path = kisaroot.ct; sourceTree = "<group>"; };
		E6056AC225D5085700CD69C8 /* KSder.h */ = {isa = PBXFileReference; fileEncoding = 4; lastKnownFileType = sourcecode.c.h; path = KSder.h; sourceTree = "<group>"; };
		E6056AC325D5085700CD69C8 /* KScipher.h */ = {isa = PBXFileReference; fileEncoding = 4; lastKnownFileType = sourcecode.c.h; path = KScipher.h; sourceTree = "<group>"; };
		E6056AC425D5085700CD69C8 /* KSpkcs12.h */ = {isa = PBXFileReference; fileEncoding = 4; lastKnownFileType = sourcecode.c.h; path = KSpkcs12.h; sourceTree = "<group>"; };
		E6056AC525D5085700CD69C8 /* KSprotocol.h */ = {isa = PBXFileReference; fileEncoding = 4; lastKnownFileType = sourcecode.c.h; path = KSprotocol.h; sourceTree = "<group>"; };
		E6056AC625D5085700CD69C8 /* KSx509.h */ = {isa = PBXFileReference; fileEncoding = 4; lastKnownFileType = sourcecode.c.h; path = KSx509.h; sourceTree = "<group>"; };
		E6056AC725D5085700CD69C8 /* KScmp.h */ = {isa = PBXFileReference; fileEncoding = 4; lastKnownFileType = sourcecode.c.h; path = KScmp.h; sourceTree = "<group>"; };
		E6056AC825D5085700CD69C8 /* KSmd5.h */ = {isa = PBXFileReference; fileEncoding = 4; lastKnownFileType = sourcecode.c.h; path = KSmd5.h; sourceTree = "<group>"; };
		E6056AC925D5085700CD69C8 /* KSkcdsa.h */ = {isa = PBXFileReference; fileEncoding = 4; lastKnownFileType = sourcecode.c.h; path = KSkcdsa.h; sourceTree = "<group>"; };
		E6056ACA25D5085700CD69C8 /* KSaesApi.h */ = {isa = PBXFileReference; fileEncoding = 4; lastKnownFileType = sourcecode.c.h; path = KSaesApi.h; sourceTree = "<group>"; };
		E6056ACB25D5085700CD69C8 /* KSphash.h */ = {isa = PBXFileReference; fileEncoding = 4; lastKnownFileType = sourcecode.c.h; path = KSphash.h; sourceTree = "<group>"; };
		E6056ACC25D5085700CD69C8 /* KSaesAlg.h */ = {isa = PBXFileReference; fileEncoding = 4; lastKnownFileType = sourcecode.c.h; path = KSaesAlg.h; sourceTree = "<group>"; };
		E6056ACD25D5085700CD69C8 /* KScmpproto.h */ = {isa = PBXFileReference; fileEncoding = 4; lastKnownFileType = sourcecode.c.h; path = KScmpproto.h; sourceTree = "<group>"; };
		E6056ACE25D5085700CD69C8 /* KSsha256.h */ = {isa = PBXFileReference; fileEncoding = 4; lastKnownFileType = sourcecode.c.h; path = KSsha256.h; sourceTree = "<group>"; };
		E6056ACF25D5085700CD69C8 /* KSsock.h */ = {isa = PBXFileReference; fileEncoding = 4; lastKnownFileType = sourcecode.c.h; path = KSsock.h; sourceTree = "<group>"; };
		E6056AD025D5085700CD69C8 /* KSrc2.h */ = {isa = PBXFileReference; fileEncoding = 4; lastKnownFileType = sourcecode.c.h; path = KSrc2.h; sourceTree = "<group>"; };
		E6056AD125D5085700CD69C8 /* KSsha.h */ = {isa = PBXFileReference; fileEncoding = 4; lastKnownFileType = sourcecode.c.h; path = KSsha.h; sourceTree = "<group>"; };
		E6056AD225D5085700CD69C8 /* KSbase64.h */ = {isa = PBXFileReference; fileEncoding = 4; lastKnownFileType = sourcecode.c.h; path = KSbase64.h; sourceTree = "<group>"; };
		E6056AD325D5085700CD69C8 /* KShsa.h */ = {isa = PBXFileReference; fileEncoding = 4; lastKnownFileType = sourcecode.c.h; path = KShsa.h; sourceTree = "<group>"; };
		E6056AD425D5085700CD69C8 /* xmca.ct */ = {isa = PBXFileReference; fileEncoding = 4; lastKnownFileType = text; path = xmca.ct; sourceTree = "<group>"; };
		E6056AD525D5085700CD69C8 /* KSobigo.h */ = {isa = PBXFileReference; fileEncoding = 4; lastKnownFileType = sourcecode.c.h; path = KSobigo.h; sourceTree = "<group>"; };
		E6056AD625D5085700CD69C8 /* KSdefine.h */ = {isa = PBXFileReference; fileEncoding = 4; lastKnownFileType = sourcecode.c.h; path = KSdefine.h; sourceTree = "<group>"; };
		E6056AD725D5085700CD69C8 /* KStdes.h */ = {isa = PBXFileReference; fileEncoding = 4; lastKnownFileType = sourcecode.c.h; path = KStdes.h; sourceTree = "<group>"; };
		E6056AD825D5085700CD69C8 /* KScms.h */ = {isa = PBXFileReference; fileEncoding = 4; lastKnownFileType = sourcecode.c.h; path = KScms.h; sourceTree = "<group>"; };
		E6056AD925D5085700CD69C8 /* KStcp.h */ = {isa = PBXFileReference; fileEncoding = 4; lastKnownFileType = sourcecode.c.h; path = KStcp.h; sourceTree = "<group>"; };
		E6056ADA25D5085700CD69C8 /* yessign.ct */ = {isa = PBXFileReference; fileEncoding = 4; lastKnownFileType = text; path = yessign.ct; sourceTree = "<group>"; };
		E6056ADB25D5085700CD69C8 /* KSoid.h */ = {isa = PBXFileReference; fileEncoding = 4; lastKnownFileType = sourcecode.c.h; path = KSoid.h; sourceTree = "<group>"; };
		E6056ADC25D5085700CD69C8 /* KSclient.h */ = {isa = PBXFileReference; fileEncoding = 4; lastKnownFileType = sourcecode.c.h; path = KSclient.h; sourceTree = "<group>"; };
		E6056AE325D5086500CD69C8 /* FingerprintCertManager.h */ = {isa = PBXFileReference; fileEncoding = 4; lastKnownFileType = sourcecode.c.h; path = FingerprintCertManager.h; sourceTree = "<group>"; };
		E6056AE425D5086500CD69C8 /* DeviceDetection.h */ = {isa = PBXFileReference; fileEncoding = 4; lastKnownFileType = sourcecode.c.h; path = DeviceDetection.h; sourceTree = "<group>"; };
		E6056AE725D5087500CD69C8 /* libFingerprintCertManager.a */ = {isa = PBXFileReference; lastKnownFileType = archive.ar; path = libFingerprintCertManager.a; sourceTree = "<group>"; };
		E6056AE825D5087500CD69C8 /* libFingerprintCertManager-SK.a */ = {isa = PBXFileReference; lastKnownFileType = archive.ar; path = "libFingerprintCertManager-SK.a"; sourceTree = "<group>"; };
		E6056AEB25D5087500CD69C8 /* libSecureData.a */ = {isa = PBXFileReference; lastKnownFileType = archive.ar; path = libSecureData.a; sourceTree = "<group>"; };
		E6056AEE25D5087500CD69C8 /* libKeySharpiPhoneICRP.a */ = {isa = PBXFileReference; lastKnownFileType = archive.ar; path = libKeySharpiPhoneICRP.a; sourceTree = "<group>"; };
		E6056AF125D5087500CD69C8 /* libKeySharpiPhoneUtil.a */ = {isa = PBXFileReference; lastKnownFileType = archive.ar; path = libKeySharpiPhoneUtil.a; sourceTree = "<group>"; };
		E6056AF425D5087500CD69C8 /* libKeySharpiPhone.a */ = {isa = PBXFileReference; lastKnownFileType = archive.ar; path = libKeySharpiPhone.a; sourceTree = "<group>"; };
		E6056AFF25D511BE00CD69C8 /* SafetokenBiometric.framework */ = {isa = PBXFileReference; lastKnownFileType = wrapper.framework; name = SafetokenBiometric.framework; path = "../../../../../../Desktop/스마트솔루션/2. 사설인증-에잇바이트/x8byte-safetoken_v3_2_1_20201231_SMARTSB/03. iOS/SafetokenBiometric.framework"; sourceTree = "<group>"; };
		E6056B0025D511BE00CD69C8 /* SafetokenPattern.framework */ = {isa = PBXFileReference; lastKnownFileType = wrapper.framework; name = SafetokenPattern.framework; path = "../../../../../../Desktop/스마트솔루션/2. 사설인증-에잇바이트/x8byte-safetoken_v3_2_1_20201231_SMARTSB/03. iOS/SafetokenPattern.framework"; sourceTree = "<group>"; };
		E6056B0125D511BF00CD69C8 /* Safetoken.framework */ = {isa = PBXFileReference; lastKnownFileType = wrapper.framework; name = Safetoken.framework; path = "../../../../../../Desktop/스마트솔루션/2. 사설인증-에잇바이트/x8byte-safetoken_v3_2_1_20201231_SMARTSB/03. iOS/Safetoken.framework"; sourceTree = "<group>"; };
		E6056B5B25D584D100CD69C8 /* CertImportVC.swift */ = {isa = PBXFileReference; lastKnownFileType = sourcecode.swift; path = CertImportVC.swift; sourceTree = "<group>"; };
		E6056B5D25D584EC00CD69C8 /* CertImport.storyboard */ = {isa = PBXFileReference; lastKnownFileType = file.storyboard; path = CertImport.storyboard; sourceTree = "<group>"; };
		E61EA09925AABCF100653273 /* SMART_SB_APP_IOS.app */ = {isa = PBXFileReference; explicitFileType = wrapper.application; includeInIndex = 0; path = SMART_SB_APP_IOS.app; sourceTree = BUILT_PRODUCTS_DIR; };
		E61EA09C25AABCF100653273 /* AppDelegate.swift */ = {isa = PBXFileReference; lastKnownFileType = sourcecode.swift; path = AppDelegate.swift; sourceTree = "<group>"; };
		E61EA09E25AABCF100653273 /* SceneDelegate.swift */ = {isa = PBXFileReference; lastKnownFileType = sourcecode.swift; path = SceneDelegate.swift; sourceTree = "<group>"; };
		E61EA0A025AABCF100653273 /* MainVC.swift */ = {isa = PBXFileReference; lastKnownFileType = sourcecode.swift; path = MainVC.swift; sourceTree = "<group>"; };
		E61EA0A325AABCF100653273 /* Base */ = {isa = PBXFileReference; lastKnownFileType = file.storyboard; name = Base; path = Base.lproj/Main.storyboard; sourceTree = "<group>"; };
		E61EA0A525AABCF200653273 /* Assets.xcassets */ = {isa = PBXFileReference; lastKnownFileType = folder.assetcatalog; path = Assets.xcassets; sourceTree = "<group>"; };
		E61EA0A825AABCF200653273 /* Base */ = {isa = PBXFileReference; lastKnownFileType = file.storyboard; name = Base; path = Base.lproj/LaunchScreen.storyboard; sourceTree = "<group>"; };
		E61EA0AA25AABCF200653273 /* Info.plist */ = {isa = PBXFileReference; lastKnownFileType = text.plist.xml; path = Info.plist; sourceTree = "<group>"; };
		E61EA0CC25AAC09A00653273 /* SplashVC.swift */ = {isa = PBXFileReference; lastKnownFileType = sourcecode.swift; path = SplashVC.swift; sourceTree = "<group>"; };
		E61EA0D325AAC12800653273 /* Function.swift */ = {isa = PBXFileReference; fileEncoding = 4; lastKnownFileType = sourcecode.swift; path = Function.swift; sourceTree = "<group>"; };
		E61EA0D425AAC12800653273 /* Configuration.swift */ = {isa = PBXFileReference; fileEncoding = 4; lastKnownFileType = sourcecode.swift; path = Configuration.swift; sourceTree = "<group>"; };
		E61EA0D525AAC12900653273 /* String.swift */ = {isa = PBXFileReference; fileEncoding = 4; lastKnownFileType = sourcecode.swift; path = String.swift; sourceTree = "<group>"; };
		E61EA0DF25AAC24600653273 /* Appdata.swift */ = {isa = PBXFileReference; fileEncoding = 4; lastKnownFileType = sourcecode.swift; path = Appdata.swift; sourceTree = "<group>"; };
		E61EA0E225AAC24900653273 /* NativeBridge.swift */ = {isa = PBXFileReference; lastKnownFileType = sourcecode.swift; path = NativeBridge.swift; sourceTree = "<group>"; };
		E61EA0EA25AAC37800653273 /* Splash.storyboard */ = {isa = PBXFileReference; fileEncoding = 4; lastKnownFileType = file.storyboard; path = Splash.storyboard; sourceTree = "<group>"; };
		E61EA0FE25AAC99600653273 /* TestVC.swift */ = {isa = PBXFileReference; lastKnownFileType = sourcecode.swift; path = TestVC.swift; sourceTree = "<group>"; };
		E61EA10225AB0EB300653273 /* ESDefaultNumericKeypadMagAppearanceManager.h */ = {isa = PBXFileReference; fileEncoding = 4; lastKnownFileType = sourcecode.c.h; path = ESDefaultNumericKeypadMagAppearanceManager.h; sourceTree = "<group>"; };
		E61EA10325AB0EB400653273 /* ESKeypadAppearenceManager.h */ = {isa = PBXFileReference; fileEncoding = 4; lastKnownFileType = sourcecode.c.h; path = ESKeypadAppearenceManager.h; sourceTree = "<group>"; };
		E61EA10425AB0EB400653273 /* ESDefaultQwertyKeypadLayoutManager.h */ = {isa = PBXFileReference; fileEncoding = 4; lastKnownFileType = sourcecode.c.h; path = ESDefaultQwertyKeypadLayoutManager.h; sourceTree = "<group>"; };
		E61EA10525AB0EB400653273 /* ESDefaultNumericKeypadAppearenceManager.h */ = {isa = PBXFileReference; fileEncoding = 4; lastKnownFileType = sourcecode.c.h; path = ESDefaultNumericKeypadAppearenceManager.h; sourceTree = "<group>"; };
		E61EA10625AB0EB400653273 /* ESKeypadDecoder.h */ = {isa = PBXFileReference; fileEncoding = 4; lastKnownFileType = sourcecode.c.h; path = ESKeypadDecoder.h; sourceTree = "<group>"; };
		E61EA10725AB0EB400653273 /* ESKeypadHalfViewController.h */ = {isa = PBXFileReference; fileEncoding = 4; lastKnownFileType = sourcecode.c.h; path = ESKeypadHalfViewController.h; sourceTree = "<group>"; };
		E61EA10825AB0EB500653273 /* ESKeypadImageInfoKeys.h */ = {isa = PBXFileReference; fileEncoding = 4; lastKnownFileType = sourcecode.c.h; path = ESKeypadImageInfoKeys.h; sourceTree = "<group>"; };
		E61EA10925AB0EB500653273 /* ESKeypadSpec.h */ = {isa = PBXFileReference; fileEncoding = 4; lastKnownFileType = sourcecode.c.h; path = ESKeypadSpec.h; sourceTree = "<group>"; };
		E61EA10A25AB0EB500653273 /* ESKeypadBtnViewController.h */ = {isa = PBXFileReference; fileEncoding = 4; lastKnownFileType = sourcecode.c.h; path = ESKeypadBtnViewController.h; sourceTree = "<group>"; };
		E61EA10B25AB0EB500653273 /* ESSecureTextField.h */ = {isa = PBXFileReference; fileEncoding = 4; lastKnownFileType = sourcecode.c.h; path = ESSecureTextField.h; sourceTree = "<group>"; };
		E61EA10C25AB0EB500653273 /* ESDefaultKeypadBtnAppearanceManager.h */ = {isa = PBXFileReference; fileEncoding = 4; lastKnownFileType = sourcecode.c.h; path = ESDefaultKeypadBtnAppearanceManager.h; sourceTree = "<group>"; };
		E61EA10D25AB0EB600653273 /* libEversafeKeypad_Universal.a */ = {isa = PBXFileReference; lastKnownFileType = archive.ar; path = libEversafeKeypad_Universal.a; sourceTree = "<group>"; };
		E61EA10E25AB0EB600653273 /* ESDefaultQwertyKeypadMagAppearanceManager.h */ = {isa = PBXFileReference; fileEncoding = 4; lastKnownFileType = sourcecode.c.h; path = ESDefaultQwertyKeypadMagAppearanceManager.h; sourceTree = "<group>"; };
		E61EA10F25AB0EB600653273 /* ESKeypadView.h */ = {isa = PBXFileReference; fileEncoding = 4; lastKnownFileType = sourcecode.c.h; path = ESKeypadView.h; sourceTree = "<group>"; };
		E61EA11025AB0EB600653273 /* ESDefaultQwertyKeypadAppearenceManager.h */ = {isa = PBXFileReference; fileEncoding = 4; lastKnownFileType = sourcecode.c.h; path = ESDefaultQwertyKeypadAppearenceManager.h; sourceTree = "<group>"; };
		E61EA11125AB0EB700653273 /* ESSpecialKey.h */ = {isa = PBXFileReference; fileEncoding = 4; lastKnownFileType = sourcecode.c.h; path = ESSpecialKey.h; sourceTree = "<group>"; };
		E61EA11225AB0EB700653273 /* ESKeypadViewController.h */ = {isa = PBXFileReference; fileEncoding = 4; lastKnownFileType = sourcecode.c.h; path = ESKeypadViewController.h; sourceTree = "<group>"; };
		E61EA11325AB0EB700653273 /* ESKeypadLayoutManager.h */ = {isa = PBXFileReference; fileEncoding = 4; lastKnownFileType = sourcecode.c.h; path = ESKeypadLayoutManager.h; sourceTree = "<group>"; };
		E61EA11425AB0EB700653273 /* ESKeypadBtnAppearanceManager.h */ = {isa = PBXFileReference; fileEncoding = 4; lastKnownFileType = sourcecode.c.h; path = ESKeypadBtnAppearanceManager.h; sourceTree = "<group>"; };
		E61EA11525AB0EB700653273 /* ESGraphicTools.h */ = {isa = PBXFileReference; fileEncoding = 4; lastKnownFileType = sourcecode.c.h; path = ESGraphicTools.h; sourceTree = "<group>"; };
		E61EA11625AB0EB800653273 /* ESDefaultNumericKeypadLayoutManager.h */ = {isa = PBXFileReference; fileEncoding = 4; lastKnownFileType = sourcecode.c.h; path = ESDefaultNumericKeypadLayoutManager.h; sourceTree = "<group>"; };
		E61EA11725AB0EB800653273 /* ESKeyMagViewAlign.h */ = {isa = PBXFileReference; fileEncoding = 4; lastKnownFileType = sourcecode.c.h; path = ESKeyMagViewAlign.h; sourceTree = "<group>"; };
		E61EA11825AB0EB800653273 /* ESKeypadMagAppearanceManager.h */ = {isa = PBXFileReference; fileEncoding = 4; lastKnownFileType = sourcecode.c.h; path = ESKeypadMagAppearanceManager.h; sourceTree = "<group>"; };
		E667CAD925C5B1B8008C0EBB /* Access.storyboard */ = {isa = PBXFileReference; lastKnownFileType = file.storyboard; path = Access.storyboard; sourceTree = "<group>"; };
		E667CADB25C5B1C9008C0EBB /* AccessVC.swift */ = {isa = PBXFileReference; lastKnownFileType = sourcecode.swift; path = AccessVC.swift; sourceTree = "<group>"; };
		E667CAE025C5B252008C0EBB /* Pin.storyboard */ = {isa = PBXFileReference; lastKnownFileType = file.storyboard; path = Pin.storyboard; sourceTree = "<group>"; };
		E667CAE225C5B25E008C0EBB /* PinVC.swift */ = {isa = PBXFileReference; lastKnownFileType = sourcecode.swift; path = PinVC.swift; sourceTree = "<group>"; };
		E667CAE625C5B3B9008C0EBB /* CertListVC.swift */ = {isa = PBXFileReference; lastKnownFileType = sourcecode.swift; path = CertListVC.swift; sourceTree = "<group>"; };
		E667CAE825C5B3C7008C0EBB /* CertList.storyboard */ = {isa = PBXFileReference; lastKnownFileType = file.storyboard; path = CertList.storyboard; sourceTree = "<group>"; };
		E68D133425C5361E002CC473 /* SceneCoordinator.swift */ = {isa = PBXFileReference; lastKnownFileType = sourcecode.swift; path = SceneCoordinator.swift; sourceTree = "<group>"; };
		E68D133625C5382D002CC473 /* Log.swift */ = {isa = PBXFileReference; lastKnownFileType = sourcecode.swift; path = Log.swift; sourceTree = "<group>"; };
		E6AF5AB025ABE03F0073D3F2 /* CoreVideo.framework */ = {isa = PBXFileReference; lastKnownFileType = wrapper.framework; name = CoreVideo.framework; path = System/Library/Frameworks/CoreVideo.framework; sourceTree = SDKROOT; };
		E6AF5ABB25ABE2E00073D3F2 /* UIKit.framework */ = {isa = PBXFileReference; lastKnownFileType = wrapper.framework; name = UIKit.framework; path = System/Library/Frameworks/UIKit.framework; sourceTree = SDKROOT; };
		E6AF5ABF25ABE2EB0073D3F2 /* AVFoundation.framework */ = {isa = PBXFileReference; lastKnownFileType = wrapper.framework; name = AVFoundation.framework; path = System/Library/Frameworks/AVFoundation.framework; sourceTree = SDKROOT; };
		E6AF5B2C25AC09D70073D3F2 /* Test.storyboard */ = {isa = PBXFileReference; lastKnownFileType = file.storyboard; path = Test.storyboard; sourceTree = "<group>"; };
		E6AF5B5B25AC11AE0073D3F2 /* StoryboardHelper.swift */ = {isa = PBXFileReference; lastKnownFileType = sourcecode.swift; path = StoryboardHelper.swift; sourceTree = "<group>"; };
		E6AF5B5D25AC12970073D3F2 /* UIApplication.swift */ = {isa = PBXFileReference; lastKnownFileType = sourcecode.swift; path = UIApplication.swift; sourceTree = "<group>"; };
		E6DAA4F425B8140800564DB4 /* libSecuLogMaster.a */ = {isa = PBXFileReference; lastKnownFileType = archive.ar; path = libSecuLogMaster.a; sourceTree = "<group>"; };
		E6DAA4F625B814F900564DB4 /* SMART_SB_Bridging-Header.h */ = {isa = PBXFileReference; lastKnownFileType = sourcecode.c.h; path = "SMART_SB_Bridging-Header.h"; sourceTree = "<group>"; };
		E6DAA4F725B8150900564DB4 /* Util.m */ = {isa = PBXFileReference; fileEncoding = 4; lastKnownFileType = sourcecode.c.objc; path = Util.m; sourceTree = "<group>"; };
		E6DAA4F825B8150E00564DB4 /* KeychainItemWrapper.m */ = {isa = PBXFileReference; fileEncoding = 4; lastKnownFileType = sourcecode.c.objc; path = KeychainItemWrapper.m; sourceTree = "<group>"; };
		E6DAA4FC25B8158300564DB4 /* KeychainItemWrapper.h */ = {isa = PBXFileReference; lastKnownFileType = sourcecode.c.h; path = KeychainItemWrapper.h; sourceTree = "<group>"; };
		E6DAA4FD25B8158400564DB4 /* ixcSecureManager.h */ = {isa = PBXFileReference; lastKnownFileType = sourcecode.c.h; path = ixcSecureManager.h; sourceTree = "<group>"; };
		E6DAA4FE25B8158500564DB4 /* ixcSecuLogMaster.h */ = {isa = PBXFileReference; lastKnownFileType = sourcecode.c.h; path = ixcSecuLogMaster.h; sourceTree = "<group>"; };
		E6DAA4FF25B8158600564DB4 /* Util.h */ = {isa = PBXFileReference; lastKnownFileType = sourcecode.c.h; path = Util.h; sourceTree = "<group>"; };
		E6F23E9E25C7E883003C8C00 /* Security.framework */ = {isa = PBXFileReference; lastKnownFileType = wrapper.framework; name = Security.framework; path = System/Library/Frameworks/Security.framework; sourceTree = SDKROOT; };
		ED3B7CEE11F787953063908C /* Pods-SMART_SB_APP_IOS.debug.xcconfig */ = {isa = PBXFileReference; includeInIndex = 1; lastKnownFileType = text.xcconfig; name = "Pods-SMART_SB_APP_IOS.debug.xcconfig"; path = "Target Support Files/Pods-SMART_SB_APP_IOS/Pods-SMART_SB_APP_IOS.debug.xcconfig"; sourceTree = "<group>"; };
/* End PBXFileReference section */

/* Begin PBXFrameworksBuildPhase section */
		E61EA09625AABCF100653273 /* Frameworks */ = {
			isa = PBXFrameworksBuildPhase;
			buildActionMask = 2147483647;
			files = (
				E6056B0D25D56C5A00CD69C8 /* Security.framework in Frameworks */,
				E6056A7B25D506EE00CD69C8 /* AVFoundation.framework in Frameworks */,
				E6056B0825D5525100CD69C8 /* PACECaptureNRecog.framework in Frameworks */,
				E6056AFD25D5108F00CD69C8 /* libKeySharpiPhoneICRP.a in Frameworks */,
				E6056B1D25D56F1000CD69C8 /* libSecuLogMaster.a in Frameworks */,
				E6019F3825D6AFCF0020C064 /* CoreVideo.framework in Frameworks */,
				E6056AFC25D5108B00CD69C8 /* libKeySharpiPhone.a in Frameworks */,
				E6056AFE25D5109C00CD69C8 /* libSecureData.a in Frameworks */,
				E6056A7925D506E700CD69C8 /* Pods_SMART_SB_APP_IOS.framework in Frameworks */,
			);
			runOnlyForDeploymentPostprocessing = 0;
		};
/* End PBXFrameworksBuildPhase section */

/* Begin PBXGroup section */
		839E806ED29EDF2FA672BF62 /* Pods */ = {
			isa = PBXGroup;
			children = (
				ED3B7CEE11F787953063908C /* Pods-SMART_SB_APP_IOS.debug.xcconfig */,
				3BA0C1B0A6F399BF3468D58D /* Pods-SMART_SB_APP_IOS.release.xcconfig */,
			);
			path = Pods;
			sourceTree = "<group>";
		};
		E6019F3425D664100020C064 /* Cell */ = {
			isa = PBXGroup;
			children = (
				E6019F3525D664780020C064 /* CertListCell.swift */,
			);
			path = Cell;
			sourceTree = "<group>";
		};
		E6019F3725D6AF9E0020C064 /* Ocr */ = {
			isa = PBXGroup;
			children = (
				E6019F3A25D6AFF30020C064 /* OcrVC.swift */,
				E6019F3C25D6B09B0020C064 /* Ocr.storyboard */,
			);
			path = Ocr;
			sourceTree = "<group>";
		};
		E6056A6C25D5060A00CD69C8 /* FaceSystem */ = {
			isa = PBXGroup;
			children = (
				E6056A7425D5062700CD69C8 /* PACECaptureNRecog.framework */,
				E6056A6D25D5061B00CD69C8 /* dat */,
			);
			path = FaceSystem;
			sourceTree = "<group>";
		};
		E6056A6D25D5061B00CD69C8 /* dat */ = {
			isa = PBXGroup;
			children = (
				E6056A6E25D5062300CD69C8 /* asc.wgt */,
				E6056A7025D5062400CD69C8 /* hang.rec */,
				E6056A6F25D5062400CD69C8 /* idcard_kor_one.wgt */,
			);
			path = dat;
			sourceTree = "<group>";
		};
		E6056A7E25D507EA00CD69C8 /* FingerprintCertManager include */ = {
			isa = PBXGroup;
			children = (
				E6056AE425D5086500CD69C8 /* DeviceDetection.h */,
				E6056AE325D5086500CD69C8 /* FingerprintCertManager.h */,
			);
			path = "FingerprintCertManager include";
			sourceTree = "<group>";
		};
		E6056A7F25D507F300CD69C8 /* include */ = {
			isa = PBXGroup;
			children = (
				E6056A8325D5081400CD69C8 /* SecureData include */,
				E6056A8225D5080D00CD69C8 /* KeySharpiPhoneUtil include */,
				E6056A8125D5080600CD69C8 /* KeySharpiPhoneICRP include */,
				E6056A8025D507FF00CD69C8 /* KeySharpiPhone include */,
				E6056A7E25D507EA00CD69C8 /* FingerprintCertManager include */,
			);
			path = include;
			sourceTree = "<group>";
		};
		E6056A8025D507FF00CD69C8 /* KeySharpiPhone include */ = {
			isa = PBXGroup;
			children = (
				E6056A8B25D5085700CD69C8 /* bridge include */,
				E6056A9E25D5085700CD69C8 /* crypto include */,
			);
			path = "KeySharpiPhone include";
			sourceTree = "<group>";
		};
		E6056A8125D5080600CD69C8 /* KeySharpiPhoneICRP include */ = {
			isa = PBXGroup;
			children = (
				E6056A8A25D5084300CD69C8 /* ICRProtocol.h */,
			);
			path = "KeySharpiPhoneICRP include";
			sourceTree = "<group>";
		};
		E6056A8225D5080D00CD69C8 /* KeySharpiPhoneUtil include */ = {
			isa = PBXGroup;
			children = (
				E6056A8825D5083500CD69C8 /* KSDevice.h */,
				E6056A8925D5083600CD69C8 /* KSKeychainItemWrapper.h */,
			);
			path = "KeySharpiPhoneUtil include";
			sourceTree = "<group>";
		};
		E6056A8325D5081400CD69C8 /* SecureData include */ = {
			isa = PBXGroup;
			children = (
				E6056A8425D5082300CD69C8 /* NSHCData.h */,
				E6056A8725D5082400CD69C8 /* ProtectedData.h */,
				E6056A8525D5082300CD69C8 /* SecureData.h */,
				E6056A8625D5082300CD69C8 /* Util.h */,
			);
			path = "SecureData include";
			sourceTree = "<group>";
		};
		E6056A8B25D5085700CD69C8 /* bridge include */ = {
			isa = PBXGroup;
			children = (
				E6056A8C25D5085700CD69C8 /* FMDatabase.h */,
				E6056A8D25D5085700CD69C8 /* SignKoreaFramework */,
				E6056A8F25D5085700CD69C8 /* FMResultSet.h */,
				E6056A9025D5085700CD69C8 /* CertManager.h */,
				E6056A9125D5085700CD69C8 /* NCCommon.h */,
				E6056A9225D5085700CD69C8 /* BillViewController.h */,
				E6056A9325D5085700CD69C8 /* EasyJSWebView.h */,
				E6056A9425D5085700CD69C8 /* EasyJSDataFunction.h */,
				E6056A9525D5085700CD69C8 /* Certificate.h */,
				E6056A9625D5085700CD69C8 /* EasyJSWebViewProxyDelegate.h */,
				E6056A9725D5085700CD69C8 /* CopyCertificate.h */,
				E6056A9825D5085700CD69C8 /* Util.h */,
				E6056A9925D5085700CD69C8 /* KeyChainManager.h */,
				E6056A9A25D5085700CD69C8 /* KSCertManager.h */,
				E6056A9B25D5085700CD69C8 /* KS2Translator.h */,
				E6056A9C25D5085700CD69C8 /* FMDatabaseAdditions.h */,
				E6056A9D25D5085700CD69C8 /* Logger.h */,
			);
			path = "bridge include";
			sourceTree = "<group>";
		};
		E6056A8D25D5085700CD69C8 /* SignKoreaFramework */ = {
			isa = PBXGroup;
			children = (
				E6056A8E25D5085700CD69C8 /* SignKoreaFramework.h */,
			);
			path = SignKoreaFramework;
			sourceTree = "<group>";
		};
		E6056A9E25D5085700CD69C8 /* crypto include */ = {
			isa = PBXGroup;
			children = (
				E6056A9F25D5085700CD69C8 /* KSsock.h_back.h */,
				E6056AA025D5085700CD69C8 /* KSpkcs8Util.h */,
				E6056AA125D5085700CD69C8 /* KScbcmac.h */,
				E6056AA225D5085700CD69C8 /* KSbin.h */,
				E6056AA325D5085700CD69C8 /* KSrand.h */,
				E6056AA425D5085700CD69C8 /* KSutil.h */,
				E6056AA525D5085700CD69C8 /* KSprime.h */,
				E6056AA625D5085700CD69C8 /* KScert.h */,
				E6056AA725D5085700CD69C8 /* KSpkcs10.h */,
				E6056AA825D5085700CD69C8 /* KSdebug.h */,
				E6056AA925D5085700CD69C8 /* KSbigint.h */,
				E6056AAA25D5085700CD69C8 /* KShmac.h */,
				E6056AAB25D5085700CD69C8 /* KSpkcs1.h */,
				E6056AAC25D5085700CD69C8 /* KSrp.h */,
				E6056AAD25D5085700CD69C8 /* KSdessp.h */,
				E6056AAE25D5085700CD69C8 /* KSasntypes.h */,
				E6056AAF25D5085700CD69C8 /* prime.h */,
				E6056AB025D5085700CD69C8 /* KSpkcs5.h */,
				E6056AB125D5085700CD69C8 /* KScmperr.h */,
				E6056AB225D5085700CD69C8 /* KSerror.h */,
				E6056AB325D5085700CD69C8 /* KSdh.h */,
				E6056AB425D5085700CD69C8 /* KSaria.h */,
				E6056AB525D5085700CD69C8 /* CertManager.h */,
				E6056AB625D5085700CD69C8 /* KShash.h */,
				E6056AB725D5085700CD69C8 /* KSdes.h */,
				E6056AB825D5085700CD69C8 /* RA.h */,
				E6056AB925D5085700CD69C8 /* KSaes.h */,
				E6056ABA25D5085700CD69C8 /* KSpkcs8.h */,
				E6056ABB25D5085700CD69C8 /* KSaria.ct */,
				E6056ABC25D5085700CD69C8 /* signkr.ct */,
				E6056ABD25D5085700CD69C8 /* signgate.ct */,
				E6056ABE25D5085700CD69C8 /* KSseed.h */,
				E6056ABF25D5085700CD69C8 /* KSHybridEnvelop.h */,
				E6056AC025D5085700CD69C8 /* thread.h */,
				E6056AC125D5085700CD69C8 /* kisaroot.ct */,
				E6056AC225D5085700CD69C8 /* KSder.h */,
				E6056AC325D5085700CD69C8 /* KScipher.h */,
				E6056AC425D5085700CD69C8 /* KSpkcs12.h */,
				E6056AC525D5085700CD69C8 /* KSprotocol.h */,
				E6056AC625D5085700CD69C8 /* KSx509.h */,
				E6056AC725D5085700CD69C8 /* KScmp.h */,
				E6056AC825D5085700CD69C8 /* KSmd5.h */,
				E6056AC925D5085700CD69C8 /* KSkcdsa.h */,
				E6056ACA25D5085700CD69C8 /* KSaesApi.h */,
				E6056ACB25D5085700CD69C8 /* KSphash.h */,
				E6056ACC25D5085700CD69C8 /* KSaesAlg.h */,
				E6056ACD25D5085700CD69C8 /* KScmpproto.h */,
				E6056ACE25D5085700CD69C8 /* KSsha256.h */,
				E6056ACF25D5085700CD69C8 /* KSsock.h */,
				E6056AD025D5085700CD69C8 /* KSrc2.h */,
				E6056AD125D5085700CD69C8 /* KSsha.h */,
				E6056AD225D5085700CD69C8 /* KSbase64.h */,
				E6056AD325D5085700CD69C8 /* KShsa.h */,
				E6056AD425D5085700CD69C8 /* xmca.ct */,
				E6056AD525D5085700CD69C8 /* KSobigo.h */,
				E6056AD625D5085700CD69C8 /* KSdefine.h */,
				E6056AD725D5085700CD69C8 /* KStdes.h */,
				E6056AD825D5085700CD69C8 /* KScms.h */,
				E6056AD925D5085700CD69C8 /* KStcp.h */,
				E6056ADA25D5085700CD69C8 /* yessign.ct */,
				E6056ADB25D5085700CD69C8 /* KSoid.h */,
				E6056ADC25D5085700CD69C8 /* KSclient.h */,
			);
			path = "crypto include";
			sourceTree = "<group>";
		};
		E6056AE525D5087500CD69C8 /* lib */ = {
			isa = PBXGroup;
			children = (
				E6056AE625D5087500CD69C8 /* FingerprintCertManager lib */,
				E6056AE925D5087500CD69C8 /* SecureData lib */,
				E6056AEC25D5087500CD69C8 /* KeySharpiPhoneICRP lib */,
				E6056AEF25D5087500CD69C8 /* KeySharpiPhoneUtil lib */,
				E6056AF225D5087500CD69C8 /* KeySharpiPhone lib */,
			);
			path = lib;
			sourceTree = "<group>";
		};
		E6056AE625D5087500CD69C8 /* FingerprintCertManager lib */ = {
			isa = PBXGroup;
			children = (
				E6056AE725D5087500CD69C8 /* libFingerprintCertManager.a */,
				E6056AE825D5087500CD69C8 /* libFingerprintCertManager-SK.a */,
			);
			path = "FingerprintCertManager lib";
			sourceTree = "<group>";
		};
		E6056AE925D5087500CD69C8 /* SecureData lib */ = {
			isa = PBXGroup;
			children = (
				E6056AEA25D5087500CD69C8 /* Release-iphoneos */,
			);
			path = "SecureData lib";
			sourceTree = "<group>";
		};
		E6056AEA25D5087500CD69C8 /* Release-iphoneos */ = {
			isa = PBXGroup;
			children = (
				E6056AEB25D5087500CD69C8 /* libSecureData.a */,
			);
			path = "Release-iphoneos";
			sourceTree = "<group>";
		};
		E6056AEC25D5087500CD69C8 /* KeySharpiPhoneICRP lib */ = {
			isa = PBXGroup;
			children = (
				E6056AED25D5087500CD69C8 /* Release-iphoneos */,
			);
			path = "KeySharpiPhoneICRP lib";
			sourceTree = "<group>";
		};
		E6056AED25D5087500CD69C8 /* Release-iphoneos */ = {
			isa = PBXGroup;
			children = (
				E6056AEE25D5087500CD69C8 /* libKeySharpiPhoneICRP.a */,
			);
			path = "Release-iphoneos";
			sourceTree = "<group>";
		};
		E6056AEF25D5087500CD69C8 /* KeySharpiPhoneUtil lib */ = {
			isa = PBXGroup;
			children = (
				E6056AF025D5087500CD69C8 /* Release-iphoneos */,
			);
			path = "KeySharpiPhoneUtil lib";
			sourceTree = "<group>";
		};
		E6056AF025D5087500CD69C8 /* Release-iphoneos */ = {
			isa = PBXGroup;
			children = (
				E6056AF125D5087500CD69C8 /* libKeySharpiPhoneUtil.a */,
			);
			path = "Release-iphoneos";
			sourceTree = "<group>";
		};
		E6056AF225D5087500CD69C8 /* KeySharpiPhone lib */ = {
			isa = PBXGroup;
			children = (
				E6056AF325D5087500CD69C8 /* Release-iphoneos */,
			);
			path = "KeySharpiPhone lib";
			sourceTree = "<group>";
		};
		E6056AF325D5087500CD69C8 /* Release-iphoneos */ = {
			isa = PBXGroup;
			children = (
				E6056AF425D5087500CD69C8 /* libKeySharpiPhone.a */,
			);
			path = "Release-iphoneos";
			sourceTree = "<group>";
		};
		E6056B5A25D578F200CD69C8 /* Import */ = {
			isa = PBXGroup;
			children = (
				E6056B5B25D584D100CD69C8 /* CertImportVC.swift */,
				E6056B5D25D584EC00CD69C8 /* CertImport.storyboard */,
			);
			path = Import;
			sourceTree = "<group>";
		};
		E61EA09025AABCF000653273 = {
			isa = PBXGroup;
			children = (
				E6DAA4F625B814F900564DB4 /* SMART_SB_Bridging-Header.h */,
				E61EA09B25AABCF100653273 /* SMART_SB_APP_IOS */,
				E61EA09A25AABCF100653273 /* Products */,
				F2E6DD7DE1BD394F2BA79383 /* Frameworks */,
				839E806ED29EDF2FA672BF62 /* Pods */,
			);
			sourceTree = "<group>";
		};
		E61EA09A25AABCF100653273 /* Products */ = {
			isa = PBXGroup;
			children = (
				E61EA09925AABCF100653273 /* SMART_SB_APP_IOS.app */,
			);
			name = Products;
			sourceTree = "<group>";
		};
		E61EA09B25AABCF100653273 /* SMART_SB_APP_IOS */ = {
			isa = PBXGroup;
			children = (
				E61EA0EE25AAC4B500653273 /* ETC */,
				E61EA0E625AAC27A00653273 /* Service */,
				E61EA0CA25AAC01100653273 /* View */,
				E61EA0C825AABFE500653273 /* Lib */,
				E61EA0C725AABFE000653273 /* Define */,
				E61EA09C25AABCF100653273 /* AppDelegate.swift */,
				E61EA09E25AABCF100653273 /* SceneDelegate.swift */,
				E61EA0A725AABCF200653273 /* LaunchScreen.storyboard */,
				E61EA0A525AABCF200653273 /* Assets.xcassets */,
				E61EA0AA25AABCF200653273 /* Info.plist */,
			);
			path = SMART_SB_APP_IOS;
			sourceTree = "<group>";
		};
		E61EA0C725AABFE000653273 /* Define */ = {
			isa = PBXGroup;
			children = (
				E6056A6225D5048B00CD69C8 /* Constants.swift */,
				E61EA0D425AAC12800653273 /* Configuration.swift */,
				E61EA0D325AAC12800653273 /* Function.swift */,
				E61EA0D525AAC12900653273 /* String.swift */,
				E6AF5B5B25AC11AE0073D3F2 /* StoryboardHelper.swift */,
				E6AF5B5D25AC12970073D3F2 /* UIApplication.swift */,
			);
			path = Define;
			sourceTree = "<group>";
		};
		E61EA0C825AABFE500653273 /* Lib */ = {
			isa = PBXGroup;
			children = (
				E6056A6C25D5060A00CD69C8 /* FaceSystem */,
				E6DAA4F125B813DF00564DB4 /* fds */,
				E61EA12C25AB113300653273 /* eightbyte */,
				E61EA12225AB100900653273 /* Koscom */,
				E61EA10125AB0E9400653273 /* eversafe_keypad */,
			);
			path = Lib;
			sourceTree = "<group>";
		};
		E61EA0CA25AAC01100653273 /* View */ = {
			isa = PBXGroup;
			children = (
				E6019F3725D6AF9E0020C064 /* Ocr */,
				E667CAE425C5B384008C0EBB /* Certificate */,
				E667CADF25C5B242008C0EBB /* Bio */,
				E667CADE25C5B23A008C0EBB /* Patturn */,
				E667CADD25C5B235008C0EBB /* Pin */,
				E667CAD825C5B19F008C0EBB /* Access */,
				E61EA0FA25AAC97900653273 /* Test */,
				E61EA0E925AAC32800653273 /* Splash */,
				E61EA0E825AAC32200653273 /* Main */,
			);
			path = View;
			sourceTree = "<group>";
		};
		E61EA0E625AAC27A00653273 /* Service */ = {
			isa = PBXGroup;
			children = (
				E61EA0DF25AAC24600653273 /* Appdata.swift */,
				E61EA0E225AAC24900653273 /* NativeBridge.swift */,
			);
			path = Service;
			sourceTree = "<group>";
		};
		E61EA0E825AAC32200653273 /* Main */ = {
			isa = PBXGroup;
			children = (
				E61EA0A225AABCF100653273 /* Main.storyboard */,
				E61EA0A025AABCF100653273 /* MainVC.swift */,
			);
			path = Main;
			sourceTree = "<group>";
		};
		E61EA0E925AAC32800653273 /* Splash */ = {
			isa = PBXGroup;
			children = (
				E61EA0EA25AAC37800653273 /* Splash.storyboard */,
				E61EA0CC25AAC09A00653273 /* SplashVC.swift */,
			);
			path = Splash;
			sourceTree = "<group>";
		};
		E61EA0EE25AAC4B500653273 /* ETC */ = {
			isa = PBXGroup;
			children = (
				E68D133425C5361E002CC473 /* SceneCoordinator.swift */,
				E68D133625C5382D002CC473 /* Log.swift */,
			);
			path = ETC;
			sourceTree = "<group>";
		};
		E61EA0FA25AAC97900653273 /* Test */ = {
			isa = PBXGroup;
			children = (
				E61EA0FE25AAC99600653273 /* TestVC.swift */,
				E6AF5B2C25AC09D70073D3F2 /* Test.storyboard */,
			);
			path = Test;
			sourceTree = "<group>";
		};
		E61EA10125AB0E9400653273 /* eversafe_keypad */ = {
			isa = PBXGroup;
			children = (
				E61EA10C25AB0EB500653273 /* ESDefaultKeypadBtnAppearanceManager.h */,
				E61EA10525AB0EB400653273 /* ESDefaultNumericKeypadAppearenceManager.h */,
				E61EA11625AB0EB800653273 /* ESDefaultNumericKeypadLayoutManager.h */,
				E61EA10225AB0EB300653273 /* ESDefaultNumericKeypadMagAppearanceManager.h */,
				E61EA11025AB0EB600653273 /* ESDefaultQwertyKeypadAppearenceManager.h */,
				E61EA10425AB0EB400653273 /* ESDefaultQwertyKeypadLayoutManager.h */,
				E61EA10E25AB0EB600653273 /* ESDefaultQwertyKeypadMagAppearanceManager.h */,
				E61EA11525AB0EB700653273 /* ESGraphicTools.h */,
				E61EA11725AB0EB800653273 /* ESKeyMagViewAlign.h */,
				E61EA10325AB0EB400653273 /* ESKeypadAppearenceManager.h */,
				E61EA11425AB0EB700653273 /* ESKeypadBtnAppearanceManager.h */,
				E61EA10A25AB0EB500653273 /* ESKeypadBtnViewController.h */,
				E61EA10625AB0EB400653273 /* ESKeypadDecoder.h */,
				E61EA10725AB0EB400653273 /* ESKeypadHalfViewController.h */,
				E61EA10825AB0EB500653273 /* ESKeypadImageInfoKeys.h */,
				E61EA11325AB0EB700653273 /* ESKeypadLayoutManager.h */,
				E61EA11825AB0EB800653273 /* ESKeypadMagAppearanceManager.h */,
				E61EA10925AB0EB500653273 /* ESKeypadSpec.h */,
				E61EA10F25AB0EB600653273 /* ESKeypadView.h */,
				E61EA11225AB0EB700653273 /* ESKeypadViewController.h */,
				E61EA10B25AB0EB500653273 /* ESSecureTextField.h */,
				E61EA11125AB0EB700653273 /* ESSpecialKey.h */,
				E61EA10D25AB0EB600653273 /* libEversafeKeypad_Universal.a */,
			);
			path = eversafe_keypad;
			sourceTree = "<group>";
		};
		E61EA12225AB100900653273 /* Koscom */ = {
			isa = PBXGroup;
			children = (
				E6056AE525D5087500CD69C8 /* lib */,
				E6056A7F25D507F300CD69C8 /* include */,
			);
			path = Koscom;
			sourceTree = "<group>";
		};
		E61EA12C25AB113300653273 /* eightbyte */ = {
			isa = PBXGroup;
			children = (
				E6056B0125D511BF00CD69C8 /* Safetoken.framework */,
				E6056AFF25D511BE00CD69C8 /* SafetokenBiometric.framework */,
				E6056B0025D511BE00CD69C8 /* SafetokenPattern.framework */,
			);
			path = eightbyte;
			sourceTree = "<group>";
		};
		E667CAD825C5B19F008C0EBB /* Access */ = {
			isa = PBXGroup;
			children = (
				E667CAD925C5B1B8008C0EBB /* Access.storyboard */,
				E667CADB25C5B1C9008C0EBB /* AccessVC.swift */,
			);
			path = Access;
			sourceTree = "<group>";
		};
		E667CADD25C5B235008C0EBB /* Pin */ = {
			isa = PBXGroup;
			children = (
				E667CAE025C5B252008C0EBB /* Pin.storyboard */,
				E667CAE225C5B25E008C0EBB /* PinVC.swift */,
			);
			path = Pin;
			sourceTree = "<group>";
		};
		E667CADE25C5B23A008C0EBB /* Patturn */ = {
			isa = PBXGroup;
			children = (
				E6019F5D25D6B99D0020C064 /* Pattrun.storyboard */,
				E6019F5F25D6B9A90020C064 /* PattrunVC.swift */,
			);
			path = Patturn;
			sourceTree = "<group>";
		};
		E667CADF25C5B242008C0EBB /* Bio */ = {
			isa = PBXGroup;
			children = (
				E6019F6125D6B9EB0020C064 /* BioVC.swift */,
				E6019F6325D6BA0B0020C064 /* Bio.storyboard */,
			);
			path = Bio;
			sourceTree = "<group>";
		};
		E667CAE425C5B384008C0EBB /* Certificate */ = {
			isa = PBXGroup;
			children = (
				E6056B5A25D578F200CD69C8 /* Import */,
				E667CAE525C5B398008C0EBB /* List */,
			);
			path = Certificate;
			sourceTree = "<group>";
		};
		E667CAE525C5B398008C0EBB /* List */ = {
			isa = PBXGroup;
			children = (
				E6019F3425D664100020C064 /* Cell */,
				E667CAE625C5B3B9008C0EBB /* CertListVC.swift */,
				E667CAE825C5B3C7008C0EBB /* CertList.storyboard */,
			);
			path = List;
			sourceTree = "<group>";
		};
		E6DAA4F125B813DF00564DB4 /* fds */ = {
			isa = PBXGroup;
			children = (
				E6DAA4FB25B8157A00564DB4 /* h */,
				E6DAA4F825B8150E00564DB4 /* KeychainItemWrapper.m */,
				E6DAA4F725B8150900564DB4 /* Util.m */,
				E6DAA4F425B8140800564DB4 /* libSecuLogMaster.a */,
			);
			path = fds;
			sourceTree = "<group>";
		};
		E6DAA4FB25B8157A00564DB4 /* h */ = {
			isa = PBXGroup;
			children = (
				E6DAA4FE25B8158500564DB4 /* ixcSecuLogMaster.h */,
				E6DAA4FD25B8158400564DB4 /* ixcSecureManager.h */,
				E6DAA4FC25B8158300564DB4 /* KeychainItemWrapper.h */,
				E6DAA4FF25B8158600564DB4 /* Util.h */,
			);
			path = h;
			sourceTree = "<group>";
		};
		F2E6DD7DE1BD394F2BA79383 /* Frameworks */ = {
			isa = PBXGroup;
			children = (
				E6F23E9E25C7E883003C8C00 /* Security.framework */,
				E6AF5ABF25ABE2EB0073D3F2 /* AVFoundation.framework */,
				E6AF5ABB25ABE2E00073D3F2 /* UIKit.framework */,
				E6AF5AB025ABE03F0073D3F2 /* CoreVideo.framework */,
				114B1F2EE5F890ED314855BC /* Pods_SMART_SB_APP_IOS.framework */,
			);
			name = Frameworks;
			sourceTree = "<group>";
		};
/* End PBXGroup section */

/* Begin PBXNativeTarget section */
		E61EA09825AABCF100653273 /* SMART_SB_APP_IOS */ = {
			isa = PBXNativeTarget;
			buildConfigurationList = E61EA0AD25AABCF200653273 /* Build configuration list for PBXNativeTarget "SMART_SB_APP_IOS" */;
			buildPhases = (
				4A1CC0C728496AFE1352956E /* [CP] Check Pods Manifest.lock */,
				E61EA09525AABCF100653273 /* Sources */,
				E61EA09625AABCF100653273 /* Frameworks */,
				E61EA09725AABCF100653273 /* Resources */,
				C38DA95B1E9A734FEC4DF09E /* [CP] Embed Pods Frameworks */,
				E6AF5AA825ABDD590073D3F2 /* Embed Frameworks */,
			);
			buildRules = (
			);
			dependencies = (
			);
			name = SMART_SB_APP_IOS;
			productName = SMART_SB_APP_IOS;
			productReference = E61EA09925AABCF100653273 /* SMART_SB_APP_IOS.app */;
			productType = "com.apple.product-type.application";
		};
/* End PBXNativeTarget section */

/* Begin PBXProject section */
		E61EA09125AABCF000653273 /* Project object */ = {
			isa = PBXProject;
			attributes = {
				LastSwiftUpdateCheck = 1230;
				LastUpgradeCheck = 1230;
				TargetAttributes = {
					E61EA09825AABCF100653273 = {
						CreatedOnToolsVersion = 12.3;
						LastSwiftMigration = 1230;
					};
				};
			};
			buildConfigurationList = E61EA09425AABCF000653273 /* Build configuration list for PBXProject "SMART_SB_APP_IOS" */;
			compatibilityVersion = "Xcode 9.3";
			developmentRegion = en;
			hasScannedForEncodings = 0;
			knownRegions = (
				en,
				Base,
			);
			mainGroup = E61EA09025AABCF000653273;
			productRefGroup = E61EA09A25AABCF100653273 /* Products */;
			projectDirPath = "";
			projectRoot = "";
			targets = (
				E61EA09825AABCF100653273 /* SMART_SB_APP_IOS */,
			);
		};
/* End PBXProject section */

/* Begin PBXResourcesBuildPhase section */
		E61EA09725AABCF100653273 /* Resources */ = {
			isa = PBXResourcesBuildPhase;
			buildActionMask = 2147483647;
			files = (
				E6056A7325D5062400CD69C8 /* hang.rec in Resources */,
				E667CAE125C5B252008C0EBB /* Pin.storyboard in Resources */,
				E667CADA25C5B1B8008C0EBB /* Access.storyboard in Resources */,
				E6019F6425D6BA0B0020C064 /* Bio.storyboard in Resources */,
				E6019F5E25D6B99D0020C064 /* Pattrun.storyboard in Resources */,
				E61EA0A925AABCF200653273 /* LaunchScreen.storyboard in Resources */,
				E6056AE025D5085700CD69C8 /* kisaroot.ct in Resources */,
				E6056AE125D5085700CD69C8 /* xmca.ct in Resources */,
				E6056ADF25D5085700CD69C8 /* signgate.ct in Resources */,
				E6056B5E25D584EC00CD69C8 /* CertImport.storyboard in Resources */,
				E61EA0A625AABCF200653273 /* Assets.xcassets in Resources */,
				E6056A7225D5062400CD69C8 /* idcard_kor_one.wgt in Resources */,
				E6019F3D25D6B09B0020C064 /* Ocr.storyboard in Resources */,
				E61EA0EB25AAC37800653273 /* Splash.storyboard in Resources */,
				E6056A7125D5062400CD69C8 /* asc.wgt in Resources */,
				E6AF5B2D25AC09D70073D3F2 /* Test.storyboard in Resources */,
				E6056ADD25D5085700CD69C8 /* KSaria.ct in Resources */,
				E667CAE925C5B3C7008C0EBB /* CertList.storyboard in Resources */,
				E61EA0A425AABCF100653273 /* Main.storyboard in Resources */,
				E6056ADE25D5085700CD69C8 /* signkr.ct in Resources */,
				E6056AE225D5085700CD69C8 /* yessign.ct in Resources */,
			);
			runOnlyForDeploymentPostprocessing = 0;
		};
/* End PBXResourcesBuildPhase section */

/* Begin PBXShellScriptBuildPhase section */
		4A1CC0C728496AFE1352956E /* [CP] Check Pods Manifest.lock */ = {
			isa = PBXShellScriptBuildPhase;
			buildActionMask = 2147483647;
			files = (
			);
			inputFileListPaths = (
			);
			inputPaths = (
				"${PODS_PODFILE_DIR_PATH}/Podfile.lock",
				"${PODS_ROOT}/Manifest.lock",
			);
			name = "[CP] Check Pods Manifest.lock";
			outputFileListPaths = (
			);
			outputPaths = (
				"$(DERIVED_FILE_DIR)/Pods-SMART_SB_APP_IOS-checkManifestLockResult.txt",
			);
			runOnlyForDeploymentPostprocessing = 0;
			shellPath = /bin/sh;
			shellScript = "diff \"${PODS_PODFILE_DIR_PATH}/Podfile.lock\" \"${PODS_ROOT}/Manifest.lock\" > /dev/null\nif [ $? != 0 ] ; then\n    # print error to STDERR\n    echo \"error: The sandbox is not in sync with the Podfile.lock. Run 'pod install' or update your CocoaPods installation.\" >&2\n    exit 1\nfi\n# This output is used by Xcode 'outputs' to avoid re-running this script phase.\necho \"SUCCESS\" > \"${SCRIPT_OUTPUT_FILE_0}\"\n";
			showEnvVarsInLog = 0;
		};
		C38DA95B1E9A734FEC4DF09E /* [CP] Embed Pods Frameworks */ = {
			isa = PBXShellScriptBuildPhase;
			buildActionMask = 2147483647;
			files = (
			);
			inputFileListPaths = (
				"${PODS_ROOT}/Target Support Files/Pods-SMART_SB_APP_IOS/Pods-SMART_SB_APP_IOS-frameworks-${CONFIGURATION}-input-files.xcfilelist",
			);
			name = "[CP] Embed Pods Frameworks";
			outputFileListPaths = (
				"${PODS_ROOT}/Target Support Files/Pods-SMART_SB_APP_IOS/Pods-SMART_SB_APP_IOS-frameworks-${CONFIGURATION}-output-files.xcfilelist",
			);
			runOnlyForDeploymentPostprocessing = 0;
			shellPath = /bin/sh;
			shellScript = "\"${PODS_ROOT}/Target Support Files/Pods-SMART_SB_APP_IOS/Pods-SMART_SB_APP_IOS-frameworks.sh\"\n";
			showEnvVarsInLog = 0;
		};
/* End PBXShellScriptBuildPhase section */

/* Begin PBXSourcesBuildPhase section */
		E61EA09525AABCF100653273 /* Sources */ = {
			isa = PBXSourcesBuildPhase;
			buildActionMask = 2147483647;
			files = (
				E6DAA4F925B8150E00564DB4 /* Util.m in Sources */,
				E6AF5B5E25AC12970073D3F2 /* UIApplication.swift in Sources */,
				E61EA0FF25AAC99600653273 /* TestVC.swift in Sources */,
				E61EA0D825AAC12900653273 /* Configuration.swift in Sources */,
				E6019F6225D6B9EB0020C064 /* BioVC.swift in Sources */,
				E6019F3B25D6AFF30020C064 /* OcrVC.swift in Sources */,
				E61EA0CD25AAC09A00653273 /* SplashVC.swift in Sources */,
				E61EA0A125AABCF100653273 /* MainVC.swift in Sources */,
				E667CADC25C5B1C9008C0EBB /* AccessVC.swift in Sources */,
				E68D133725C5382D002CC473 /* Log.swift in Sources */,
				E68D133525C5361E002CC473 /* SceneCoordinator.swift in Sources */,
				E6DAA4FA25B8150E00564DB4 /* KeychainItemWrapper.m in Sources */,
				E61EA0E025AAC24600653273 /* Appdata.swift in Sources */,
				E6056A6325D5048C00CD69C8 /* Constants.swift in Sources */,
				E6056B5C25D584D100CD69C8 /* CertImportVC.swift in Sources */,
				E61EA09D25AABCF100653273 /* AppDelegate.swift in Sources */,
				E6AF5B5C25AC11AE0073D3F2 /* StoryboardHelper.swift in Sources */,
				E667CAE725C5B3B9008C0EBB /* CertListVC.swift in Sources */,
				E6019F6025D6B9A90020C064 /* PattrunVC.swift in Sources */,
				E61EA0E325AAC24900653273 /* NativeBridge.swift in Sources */,
				E6019F3625D664780020C064 /* CertListCell.swift in Sources */,
				E667CAE325C5B25E008C0EBB /* PinVC.swift in Sources */,
				E61EA0D925AAC12900653273 /* String.swift in Sources */,
				E61EA09F25AABCF100653273 /* SceneDelegate.swift in Sources */,
				E61EA0D725AAC12900653273 /* Function.swift in Sources */,
			);
			runOnlyForDeploymentPostprocessing = 0;
		};
/* End PBXSourcesBuildPhase section */

/* Begin PBXVariantGroup section */
		E61EA0A225AABCF100653273 /* Main.storyboard */ = {
			isa = PBXVariantGroup;
			children = (
				E61EA0A325AABCF100653273 /* Base */,
			);
			name = Main.storyboard;
			sourceTree = "<group>";
		};
		E61EA0A725AABCF200653273 /* LaunchScreen.storyboard */ = {
			isa = PBXVariantGroup;
			children = (
				E61EA0A825AABCF200653273 /* Base */,
			);
			name = LaunchScreen.storyboard;
			sourceTree = "<group>";
		};
/* End PBXVariantGroup section */

/* Begin XCBuildConfiguration section */
		E61EA0AB25AABCF200653273 /* Debug */ = {
			isa = XCBuildConfiguration;
			buildSettings = {
				ALWAYS_SEARCH_USER_PATHS = NO;
				CLANG_ANALYZER_NONNULL = YES;
				CLANG_ANALYZER_NUMBER_OBJECT_CONVERSION = YES_AGGRESSIVE;
				CLANG_CXX_LANGUAGE_STANDARD = "gnu++14";
				CLANG_CXX_LIBRARY = "libc++";
				CLANG_ENABLE_MODULES = YES;
				CLANG_ENABLE_OBJC_ARC = YES;
				CLANG_ENABLE_OBJC_WEAK = YES;
				CLANG_WARN_BLOCK_CAPTURE_AUTORELEASING = YES;
				CLANG_WARN_BOOL_CONVERSION = YES;
				CLANG_WARN_COMMA = YES;
				CLANG_WARN_CONSTANT_CONVERSION = YES;
				CLANG_WARN_DEPRECATED_OBJC_IMPLEMENTATIONS = YES;
				CLANG_WARN_DIRECT_OBJC_ISA_USAGE = YES_ERROR;
				CLANG_WARN_DOCUMENTATION_COMMENTS = YES;
				CLANG_WARN_EMPTY_BODY = YES;
				CLANG_WARN_ENUM_CONVERSION = YES;
				CLANG_WARN_INFINITE_RECURSION = YES;
				CLANG_WARN_INT_CONVERSION = YES;
				CLANG_WARN_NON_LITERAL_NULL_CONVERSION = YES;
				CLANG_WARN_OBJC_IMPLICIT_RETAIN_SELF = YES;
				CLANG_WARN_OBJC_LITERAL_CONVERSION = YES;
				CLANG_WARN_OBJC_ROOT_CLASS = YES_ERROR;
				CLANG_WARN_QUOTED_INCLUDE_IN_FRAMEWORK_HEADER = YES;
				CLANG_WARN_RANGE_LOOP_ANALYSIS = YES;
				CLANG_WARN_STRICT_PROTOTYPES = YES;
				CLANG_WARN_SUSPICIOUS_MOVE = YES;
				CLANG_WARN_UNGUARDED_AVAILABILITY = YES_AGGRESSIVE;
				CLANG_WARN_UNREACHABLE_CODE = YES;
				CLANG_WARN__DUPLICATE_METHOD_MATCH = YES;
				COPY_PHASE_STRIP = NO;
				DEBUG_INFORMATION_FORMAT = dwarf;
				ENABLE_STRICT_OBJC_MSGSEND = YES;
				ENABLE_TESTABILITY = YES;
				GCC_C_LANGUAGE_STANDARD = gnu11;
				GCC_DYNAMIC_NO_PIC = NO;
				GCC_NO_COMMON_BLOCKS = YES;
				GCC_OPTIMIZATION_LEVEL = 0;
				GCC_PREPROCESSOR_DEFINITIONS = (
					"DEBUG=1",
					"$(inherited)",
				);
				GCC_WARN_64_TO_32_BIT_CONVERSION = YES;
				GCC_WARN_ABOUT_RETURN_TYPE = YES_ERROR;
				GCC_WARN_UNDECLARED_SELECTOR = YES;
				GCC_WARN_UNINITIALIZED_AUTOS = YES_AGGRESSIVE;
				GCC_WARN_UNUSED_FUNCTION = YES;
				GCC_WARN_UNUSED_VARIABLE = YES;
				IPHONEOS_DEPLOYMENT_TARGET = 13.0;
				MTL_ENABLE_DEBUG_INFO = INCLUDE_SOURCE;
				MTL_FAST_MATH = YES;
				ONLY_ACTIVE_ARCH = YES;
				SDKROOT = iphoneos;
				SWIFT_ACTIVE_COMPILATION_CONDITIONS = DEBUG;
				SWIFT_OPTIMIZATION_LEVEL = "-Onone";
			};
			name = Debug;
		};
		E61EA0AC25AABCF200653273 /* Release */ = {
			isa = XCBuildConfiguration;
			buildSettings = {
				ALWAYS_SEARCH_USER_PATHS = NO;
				CLANG_ANALYZER_NONNULL = YES;
				CLANG_ANALYZER_NUMBER_OBJECT_CONVERSION = YES_AGGRESSIVE;
				CLANG_CXX_LANGUAGE_STANDARD = "gnu++14";
				CLANG_CXX_LIBRARY = "libc++";
				CLANG_ENABLE_MODULES = YES;
				CLANG_ENABLE_OBJC_ARC = YES;
				CLANG_ENABLE_OBJC_WEAK = YES;
				CLANG_WARN_BLOCK_CAPTURE_AUTORELEASING = YES;
				CLANG_WARN_BOOL_CONVERSION = YES;
				CLANG_WARN_COMMA = YES;
				CLANG_WARN_CONSTANT_CONVERSION = YES;
				CLANG_WARN_DEPRECATED_OBJC_IMPLEMENTATIONS = YES;
				CLANG_WARN_DIRECT_OBJC_ISA_USAGE = YES_ERROR;
				CLANG_WARN_DOCUMENTATION_COMMENTS = YES;
				CLANG_WARN_EMPTY_BODY = YES;
				CLANG_WARN_ENUM_CONVERSION = YES;
				CLANG_WARN_INFINITE_RECURSION = YES;
				CLANG_WARN_INT_CONVERSION = YES;
				CLANG_WARN_NON_LITERAL_NULL_CONVERSION = YES;
				CLANG_WARN_OBJC_IMPLICIT_RETAIN_SELF = YES;
				CLANG_WARN_OBJC_LITERAL_CONVERSION = YES;
				CLANG_WARN_OBJC_ROOT_CLASS = YES_ERROR;
				CLANG_WARN_QUOTED_INCLUDE_IN_FRAMEWORK_HEADER = YES;
				CLANG_WARN_RANGE_LOOP_ANALYSIS = YES;
				CLANG_WARN_STRICT_PROTOTYPES = YES;
				CLANG_WARN_SUSPICIOUS_MOVE = YES;
				CLANG_WARN_UNGUARDED_AVAILABILITY = YES_AGGRESSIVE;
				CLANG_WARN_UNREACHABLE_CODE = YES;
				CLANG_WARN__DUPLICATE_METHOD_MATCH = YES;
				COPY_PHASE_STRIP = NO;
				DEBUG_INFORMATION_FORMAT = "dwarf-with-dsym";
				ENABLE_NS_ASSERTIONS = NO;
				ENABLE_STRICT_OBJC_MSGSEND = YES;
				GCC_C_LANGUAGE_STANDARD = gnu11;
				GCC_NO_COMMON_BLOCKS = YES;
				GCC_WARN_64_TO_32_BIT_CONVERSION = YES;
				GCC_WARN_ABOUT_RETURN_TYPE = YES_ERROR;
				GCC_WARN_UNDECLARED_SELECTOR = YES;
				GCC_WARN_UNINITIALIZED_AUTOS = YES_AGGRESSIVE;
				GCC_WARN_UNUSED_FUNCTION = YES;
				GCC_WARN_UNUSED_VARIABLE = YES;
				IPHONEOS_DEPLOYMENT_TARGET = 13.0;
				MTL_ENABLE_DEBUG_INFO = NO;
				MTL_FAST_MATH = YES;
				SDKROOT = iphoneos;
				SWIFT_COMPILATION_MODE = wholemodule;
				SWIFT_OPTIMIZATION_LEVEL = "-O";
				VALIDATE_PRODUCT = YES;
			};
			name = Release;
		};
		E61EA0AE25AABCF200653273 /* Debug */ = {
			isa = XCBuildConfiguration;
			baseConfigurationReference = ED3B7CEE11F787953063908C /* Pods-SMART_SB_APP_IOS.debug.xcconfig */;
			buildSettings = {
				ASSETCATALOG_COMPILER_APPICON_NAME = AppIcon;
				ASSETCATALOG_COMPILER_GLOBAL_ACCENT_COLOR_NAME = AccentColor;
				CLANG_ENABLE_MODULES = YES;
				CODE_SIGN_IDENTITY = "Apple Development";
				CODE_SIGN_STYLE = Automatic;
				DEVELOPMENT_ASSET_PATHS = "";
				DEVELOPMENT_TEAM = C948P7X2WC;
				ENABLE_BITCODE = NO;
				FRAMEWORK_SEARCH_PATHS = (
					"$(inherited)",
					"$(PROJECT_DIR)/SMART_SB_APP_IOS/Lib/face_ocr",
					"$(PROJECT_DIR)/SMART_SB_APP_IOS/Lib/eightbyte",
					"$(PROJECT_DIR)/SMART_SB_APP_IOS/Lib/FaceSystem",
				);
				INFOPLIST_FILE = SMART_SB_APP_IOS/Info.plist;
				LD_RUNPATH_SEARCH_PATHS = (
					"$(inherited)",
					"@executable_path/Frameworks",
				);
				LIBRARY_SEARCH_PATHS = (
					"$(inherited)",
					"$(PROJECT_DIR)/SMART_SB_APP_IOS/Lib",
					"$(PROJECT_DIR)/SMART_SB_APP_IOS/Lib/cert/lib",
					"$(PROJECT_DIR)/SMART_SB_APP_IOS/Lib/fds",
					"$(PROJECT_DIR)/SMART_SB_APP_IOS/Lib/Koscom/lib/FingerprintCertManager\\ lib",
					"$(PROJECT_DIR)/SMART_SB_APP_IOS/Lib/Koscom/lib/FingerprintCertManager\\ lib",
					"$(PROJECT_DIR)/SMART_SB_APP_IOS/Lib/Koscom/lib/SecureData\\ lib/Release-iphoneos",
					"$(PROJECT_DIR)/SMART_SB_APP_IOS/Lib/Koscom/lib/KeySharpiPhoneICRP\\ lib/Release-iphoneos",
					"$(PROJECT_DIR)/SMART_SB_APP_IOS/Lib/Koscom/lib/KeySharpiPhoneUtil\\ lib/Release-iphoneos",
					"$(PROJECT_DIR)/SMART_SB_APP_IOS/Lib/Koscom/lib/KeySharpiPhone\\ lib/Release-iphoneos",
					"$(PROJECT_DIR)/SMART_SB_APP_IOS/Lib/Koscom/lib/KeySharpiPhone\\ lib/Release-iphoneos",
					"$(PROJECT_DIR)/SMART_SB_APP_IOS/Lib/Koscom/lib/KeySharpiPhoneICRP\\ lib/Release-iphoneos",
					"$(PROJECT_DIR)/SMART_SB_APP_IOS/Lib/Koscom/lib/SecureData\\ lib/Release-iphoneos",
				);
				NEW_SETTING = "";
				PRODUCT_BUNDLE_IDENTIFIER = kr.co.smartSB.app;
				PRODUCT_NAME = "$(TARGET_NAME)";
				PROVISIONING_PROFILE_SPECIFIER = "";
				SWIFT_OBJC_BRIDGING_HEADER = "SMART_SB_Bridging-Header.h";
				SWIFT_OPTIMIZATION_LEVEL = "-Onone";
				SWIFT_VERSION = 5.0;
				TARGETED_DEVICE_FAMILY = 1;
				VALIDATE_WORKSPACE = YES;
			};
			name = Debug;
		};
		E61EA0AF25AABCF200653273 /* Release */ = {
			isa = XCBuildConfiguration;
			baseConfigurationReference = 3BA0C1B0A6F399BF3468D58D /* Pods-SMART_SB_APP_IOS.release.xcconfig */;
			buildSettings = {
				ASSETCATALOG_COMPILER_APPICON_NAME = AppIcon;
				ASSETCATALOG_COMPILER_GLOBAL_ACCENT_COLOR_NAME = AccentColor;
				CLANG_ENABLE_MODULES = YES;
				CODE_SIGN_IDENTITY = "Apple Development";
				CODE_SIGN_STYLE = Automatic;
				DEVELOPMENT_ASSET_PATHS = "";
				DEVELOPMENT_TEAM = C948P7X2WC;
				ENABLE_BITCODE = NO;
				FRAMEWORK_SEARCH_PATHS = (
					"$(inherited)",
					"$(PROJECT_DIR)/SMART_SB_APP_IOS/Lib/face_ocr",
					"$(PROJECT_DIR)/SMART_SB_APP_IOS/Lib/eightbyte",
					"$(PROJECT_DIR)/SMART_SB_APP_IOS/Lib/FaceSystem",
				);
				INFOPLIST_FILE = SMART_SB_APP_IOS/Info.plist;
				LD_RUNPATH_SEARCH_PATHS = (
					"$(inherited)",
					"@executable_path/Frameworks",
				);
				LIBRARY_SEARCH_PATHS = (
					"$(inherited)",
					"$(PROJECT_DIR)/SMART_SB_APP_IOS/Lib",
					"$(PROJECT_DIR)/SMART_SB_APP_IOS/Lib/cert/lib",
					"$(PROJECT_DIR)/SMART_SB_APP_IOS/Lib/fds",
					"$(PROJECT_DIR)/SMART_SB_APP_IOS/Lib/Koscom/lib/FingerprintCertManager\\ lib",
					"$(PROJECT_DIR)/SMART_SB_APP_IOS/Lib/Koscom/lib/FingerprintCertManager\\ lib",
					"$(PROJECT_DIR)/SMART_SB_APP_IOS/Lib/Koscom/lib/SecureData\\ lib/Release-iphoneos",
					"$(PROJECT_DIR)/SMART_SB_APP_IOS/Lib/Koscom/lib/KeySharpiPhoneICRP\\ lib/Release-iphoneos",
					"$(PROJECT_DIR)/SMART_SB_APP_IOS/Lib/Koscom/lib/KeySharpiPhoneUtil\\ lib/Release-iphoneos",
					"$(PROJECT_DIR)/SMART_SB_APP_IOS/Lib/Koscom/lib/KeySharpiPhone\\ lib/Release-iphoneos",
					"$(PROJECT_DIR)/SMART_SB_APP_IOS/Lib/Koscom/lib/KeySharpiPhone\\ lib/Release-iphoneos",
					"$(PROJECT_DIR)/SMART_SB_APP_IOS/Lib/Koscom/lib/KeySharpiPhoneICRP\\ lib/Release-iphoneos",
					"$(PROJECT_DIR)/SMART_SB_APP_IOS/Lib/Koscom/lib/SecureData\\ lib/Release-iphoneos",
				);
				NEW_SETTING = "";
				PRODUCT_BUNDLE_IDENTIFIER = kr.co.smartSB.app;
				PRODUCT_NAME = "$(TARGET_NAME)";
				PROVISIONING_PROFILE_SPECIFIER = "";
				SWIFT_OBJC_BRIDGING_HEADER = "SMART_SB_Bridging-Header.h";
				SWIFT_VERSION = 5.0;
				TARGETED_DEVICE_FAMILY = 1;
				VALIDATE_WORKSPACE = YES;
			};
			name = Release;
		};
/* End XCBuildConfiguration section */

/* Begin XCConfigurationList section */
		E61EA09425AABCF000653273 /* Build configuration list for PBXProject "SMART_SB_APP_IOS" */ = {
			isa = XCConfigurationList;
			buildConfigurations = (
				E61EA0AB25AABCF200653273 /* Debug */,
				E61EA0AC25AABCF200653273 /* Release */,
			);
			defaultConfigurationIsVisible = 0;
			defaultConfigurationName = Release;
		};
		E61EA0AD25AABCF200653273 /* Build configuration list for PBXNativeTarget "SMART_SB_APP_IOS" */ = {
			isa = XCConfigurationList;
			buildConfigurations = (
				E61EA0AE25AABCF200653273 /* Debug */,
				E61EA0AF25AABCF200653273 /* Release */,
			);
			defaultConfigurationIsVisible = 0;
			defaultConfigurationName = Release;
		};
/* End XCConfigurationList section */
	};
	rootObject = E61EA09125AABCF000653273 /* Project object */;
}
